// !$*UTF8*$!
{
	archiveVersion = 1;
	classes = {
	};
	objectVersion = 52;
	objects = {

/* Begin PBXBuildFile section */
		182941ACBA42BC1D50444082 /* Pods_PhotosSearchApp.framework in Frameworks */ = {isa = PBXBuildFile; fileRef = FD3EAFEBF683166519D814A2 /* Pods_PhotosSearchApp.framework */; };
		A4B47A6130D98B9847234819 /* Pods_PhotosSearchApp_PhotosSearchAppUITests.framework in Frameworks */ = {isa = PBXBuildFile; fileRef = 3CE242700171930CF112782B /* Pods_PhotosSearchApp_PhotosSearchAppUITests.framework */; };
		CB20F4A9AD3E72D87F55B0CA /* Pods_PhotosSearchAppTests.framework in Frameworks */ = {isa = PBXBuildFile; fileRef = 4459C66B3200857BB1B06BDC /* Pods_PhotosSearchAppTests.framework */; };
		FC142359255194D7008C9CBC /* CellExtension.swift in Sources */ = {isa = PBXBuildFile; fileRef = FC142358255194D7008C9CBC /* CellExtension.swift */; };
		FC14235E255194F2008C9CBC /* ListExtension.swift in Sources */ = {isa = PBXBuildFile; fileRef = FC14235D255194F2008C9CBC /* ListExtension.swift */; };
		FC1423922551A2EA008C9CBC /* UIScrollView+Rx.swift in Sources */ = {isa = PBXBuildFile; fileRef = FC1423912551A2EA008C9CBC /* UIScrollView+Rx.swift */; };
		FC14239E2551B8D6008C9CBC /* ErrorAlert.swift in Sources */ = {isa = PBXBuildFile; fileRef = FC14239D2551B8D6008C9CBC /* ErrorAlert.swift */; };
		FC1423E52551CBF8008C9CBC /* PhotoDetailViewModel.swift in Sources */ = {isa = PBXBuildFile; fileRef = FC1423DD2551CBF7008C9CBC /* PhotoDetailViewModel.swift */; };
		FC1423E62551CBF8008C9CBC /* PhotoDetailWireframe.swift in Sources */ = {isa = PBXBuildFile; fileRef = FC1423DF2551CBF7008C9CBC /* PhotoDetailWireframe.swift */; };
		FC1423E72551CBF8008C9CBC /* PhotoDetailViewController.storyboard in Resources */ = {isa = PBXBuildFile; fileRef = FC1423E12551CBF7008C9CBC /* PhotoDetailViewController.storyboard */; };
		FC1423E82551CBF8008C9CBC /* PhotoDetailViewController.swift in Sources */ = {isa = PBXBuildFile; fileRef = FC1423E22551CBF7008C9CBC /* PhotoDetailViewController.swift */; };
		FC1423E92551CBF8008C9CBC /* PhotoDetailBuilder.swift in Sources */ = {isa = PBXBuildFile; fileRef = FC1423E42551CBF7008C9CBC /* PhotoDetailBuilder.swift */; };
		FC1423EE2551CE1F008C9CBC /* TransitToPhotoDetailWireframe.swift in Sources */ = {isa = PBXBuildFile; fileRef = FC1423ED2551CE1F008C9CBC /* TransitToPhotoDetailWireframe.swift */; };
		FC1423F62551D53E008C9CBC /* UIViewController+Rx.swift in Sources */ = {isa = PBXBuildFile; fileRef = FC1423F52551D53E008C9CBC /* UIViewController+Rx.swift */; };
		FC5355E02557C9AB000605ED /* APIErrorResponse.swift in Sources */ = {isa = PBXBuildFile; fileRef = FC5355DF2557C9AB000605ED /* APIErrorResponse.swift */; };
		FC5355EC2557D496000605ED /* AppError.swift in Sources */ = {isa = PBXBuildFile; fileRef = FC5355EB2557D496000605ED /* AppError.swift */; };
		FC5355F12557E1C2000605ED /* APIError+Alertable.swift in Sources */ = {isa = PBXBuildFile; fileRef = FC5355F02557E1C2000605ED /* APIError+Alertable.swift */; };
		FC5355F62557E1D6000605ED /* NetworkReachabilityError+Alertable.swift in Sources */ = {isa = PBXBuildFile; fileRef = FC5355F52557E1D6000605ED /* NetworkReachabilityError+Alertable.swift */; };
		FC5355FC2557E4EE000605ED /* ObjcExceptionBridging in Frameworks */ = {isa = PBXBuildFile; productRef = FC5355FB2557E4EE000605ED /* ObjcExceptionBridging */; };
		FC5355FE2557E4EE000605ED /* XCGLogger in Frameworks */ = {isa = PBXBuildFile; productRef = FC5355FD2557E4EE000605ED /* XCGLogger */; };
		FC5356042557E527000605ED /* Logger.swift in Sources */ = {isa = PBXBuildFile; fileRef = FC5356032557E527000605ED /* Logger.swift */; };
		FC695DAD2556F1640074196E /* NetworkManager.swift in Sources */ = {isa = PBXBuildFile; fileRef = FC695DAC2556F1640074196E /* NetworkManager.swift */; };
		FC695DB525570B450074196E /* NetworkReachabilityError.swift in Sources */ = {isa = PBXBuildFile; fileRef = FC695DB425570B450074196E /* NetworkReachabilityError.swift */; };
		FC77D2ED2551094400333695 /* FlickrRequest.swift in Sources */ = {isa = PBXBuildFile; fileRef = FC77D2EC2551094400333695 /* FlickrRequest.swift */; };
		FC77D2F62551148200333695 /* PhotosSearchTranslator.swift in Sources */ = {isa = PBXBuildFile; fileRef = FC77D2F52551148200333695 /* PhotosSearchTranslator.swift */; };
		FC77D3082551166300333695 /* PhotosSearchUseCase.swift in Sources */ = {isa = PBXBuildFile; fileRef = FC77D3072551166300333695 /* PhotosSearchUseCase.swift */; };
		FC77D3112551216F00333695 /* PhotosSearchBuilder.swift in Sources */ = {isa = PBXBuildFile; fileRef = FC77D3102551216F00333695 /* PhotosSearchBuilder.swift */; };
		FC77D31A255121A300333695 /* PhotosSearchViewModel.swift in Sources */ = {isa = PBXBuildFile; fileRef = FC77D319255121A300333695 /* PhotosSearchViewModel.swift */; };
		FC77D320255122A700333695 /* PhotosSearchWireframe.swift in Sources */ = {isa = PBXBuildFile; fileRef = FC77D31F255122A700333695 /* PhotosSearchWireframe.swift */; };
		FC77D32625512C1900333695 /* UIViewController+.swift in Sources */ = {isa = PBXBuildFile; fileRef = FC77D32525512C1900333695 /* UIViewController+.swift */; };
		FC77D32E25513A1600333695 /* ViewModelProtocol.swift in Sources */ = {isa = PBXBuildFile; fileRef = FC77D32D25513A1600333695 /* ViewModelProtocol.swift */; };
		FC77D33525513FE200333695 /* ViewProtocol.swift in Sources */ = {isa = PBXBuildFile; fileRef = FC77D33425513FE200333695 /* ViewProtocol.swift */; };
		FC77D340255146C500333695 /* OptionalType.swift in Sources */ = {isa = PBXBuildFile; fileRef = FC77D33F255146C500333695 /* OptionalType.swift */; };
		FC77D34625514B3800333695 /* SceneDelegate+.swift in Sources */ = {isa = PBXBuildFile; fileRef = FC77D34525514B3800333695 /* SceneDelegate+.swift */; };
		FC77D3502551533600333695 /* UIImageView+.swift in Sources */ = {isa = PBXBuildFile; fileRef = FC77D34F2551533600333695 /* UIImageView+.swift */; };
		FC77D3632551874100333695 /* UIAlertController+.swift in Sources */ = {isa = PBXBuildFile; fileRef = FC77D3622551874100333695 /* UIAlertController+.swift */; };
		FC910009254DC08A001D643B /* RxCocoa in Frameworks */ = {isa = PBXBuildFile; productRef = FC910008254DC08A001D643B /* RxCocoa */; };
		FC91000B254DC08A001D643B /* RxSwift in Frameworks */ = {isa = PBXBuildFile; productRef = FC91000A254DC08A001D643B /* RxSwift */; };
		FC91000D254DC08A001D643B /* RxRelay in Frameworks */ = {isa = PBXBuildFile; productRef = FC91000C254DC08A001D643B /* RxRelay */; };
		FC910013254DC0AD001D643B /* Unio in Frameworks */ = {isa = PBXBuildFile; productRef = FC910012254DC0AD001D643B /* Unio */; };
		FC910019254DC0E0001D643B /* Alamofire in Frameworks */ = {isa = PBXBuildFile; productRef = FC910018254DC0E0001D643B /* Alamofire */; };
		FC91001F254DC0FB001D643B /* Nuke in Frameworks */ = {isa = PBXBuildFile; productRef = FC91001E254DC0FB001D643B /* Nuke */; };
		FC91002F254DC606001D643B /* PhotoCollectionViewCell.swift in Sources */ = {isa = PBXBuildFile; fileRef = FC91002D254DC606001D643B /* PhotoCollectionViewCell.swift */; };
		FC910030254DC606001D643B /* PhotoCollectionViewCell.xib in Resources */ = {isa = PBXBuildFile; fileRef = FC91002E254DC606001D643B /* PhotoCollectionViewCell.xib */; };
		FC910039254DC80D001D643B /* PhotosSearchModel.swift in Sources */ = {isa = PBXBuildFile; fileRef = FC910038254DC80D001D643B /* PhotosSearchModel.swift */; };
		FC910046254DCBA9001D643B /* EncodingType.swift in Sources */ = {isa = PBXBuildFile; fileRef = FC910045254DCBA9001D643B /* EncodingType.swift */; };
		FC91004B254DCBC0001D643B /* APIRequestable.swift in Sources */ = {isa = PBXBuildFile; fileRef = FC91004A254DCBC0001D643B /* APIRequestable.swift */; };
		FC910050254DCBD9001D643B /* APIError.swift in Sources */ = {isa = PBXBuildFile; fileRef = FC91004F254DCBD9001D643B /* APIError.swift */; };
		FC910055254DCC0E001D643B /* APIClient.swift in Sources */ = {isa = PBXBuildFile; fileRef = FC910054254DCC0E001D643B /* APIClient.swift */; };
		FC91005D254DDEC9001D643B /* PhotosSearchRequest.swift in Sources */ = {isa = PBXBuildFile; fileRef = FC91005C254DDEC9001D643B /* PhotosSearchRequest.swift */; };
		FC910062254DDFEA001D643B /* PhotosSearchResponse.swift in Sources */ = {isa = PBXBuildFile; fileRef = FC910061254DDFEA001D643B /* PhotosSearchResponse.swift */; };
		FC910069254DE26C001D643B /* FlickrErrorResponse.swift in Sources */ = {isa = PBXBuildFile; fileRef = FC910068254DE26C001D643B /* FlickrErrorResponse.swift */; };
		FC910072254DE348001D643B /* PhotosSearchRepository.swift in Sources */ = {isa = PBXBuildFile; fileRef = FC910071254DE348001D643B /* PhotosSearchRepository.swift */; };
		FC91FF9D254DB60F001D643B /* AppDelegate.swift in Sources */ = {isa = PBXBuildFile; fileRef = FC91FF9C254DB60F001D643B /* AppDelegate.swift */; };
		FC91FF9F254DB60F001D643B /* SceneDelegate.swift in Sources */ = {isa = PBXBuildFile; fileRef = FC91FF9E254DB60F001D643B /* SceneDelegate.swift */; };
		FC91FFA1254DB60F001D643B /* PhotosSearchViewController.swift in Sources */ = {isa = PBXBuildFile; fileRef = FC91FFA0254DB60F001D643B /* PhotosSearchViewController.swift */; };
		FC91FFA6254DB610001D643B /* Assets.xcassets in Resources */ = {isa = PBXBuildFile; fileRef = FC91FFA5254DB610001D643B /* Assets.xcassets */; };
		FC91FFB4254DB611001D643B /* PhotosSearchAppTests.swift in Sources */ = {isa = PBXBuildFile; fileRef = FC91FFB3254DB611001D643B /* PhotosSearchAppTests.swift */; };
		FC91FFBF254DB611001D643B /* PhotosSearchAppUITests.swift in Sources */ = {isa = PBXBuildFile; fileRef = FC91FFBE254DB611001D643B /* PhotosSearchAppUITests.swift */; };
		FC91FFF5254DBAAE001D643B /* PhotosSearchViewController.storyboard in Resources */ = {isa = PBXBuildFile; fileRef = FC91FFF4254DBAAE001D643B /* PhotosSearchViewController.storyboard */; };
		FC91FFFD254DBABC001D643B /* LaunchScreen.storyboard in Resources */ = {isa = PBXBuildFile; fileRef = FC91FFFC254DBABC001D643B /* LaunchScreen.storyboard */; };
		FCA5EE2B255302FD00A3E3C7 /* UIViewController+Swizzling.swift in Sources */ = {isa = PBXBuildFile; fileRef = FCA5EE2A255302FD00A3E3C7 /* UIViewController+Swizzling.swift */; };
		FCC53D8F255433BA00FA9EA5 /* UIView+.swift in Sources */ = {isa = PBXBuildFile; fileRef = FCC53D8E255433BA00FA9EA5 /* UIView+.swift */; };
		FCCB5A542550648F005A0057 /* PhotosSearchAPIDataStore.swift in Sources */ = {isa = PBXBuildFile; fileRef = FCCB5A532550648F005A0057 /* PhotosSearchAPIDataStore.swift */; };
		FCCB5A5C25506A42005A0057 /* APIClient+Rx.swift in Sources */ = {isa = PBXBuildFile; fileRef = FCCB5A5B25506A42005A0057 /* APIClient+Rx.swift */; };
/* End PBXBuildFile section */

/* Begin PBXContainerItemProxy section */
		FC91FFB0254DB611001D643B /* PBXContainerItemProxy */ = {
			isa = PBXContainerItemProxy;
			containerPortal = FC91FF91254DB60F001D643B /* Project object */;
			proxyType = 1;
			remoteGlobalIDString = FC91FF98254DB60F001D643B;
			remoteInfo = PhotosSearchApp;
		};
		FC91FFBB254DB611001D643B /* PBXContainerItemProxy */ = {
			isa = PBXContainerItemProxy;
			containerPortal = FC91FF91254DB60F001D643B /* Project object */;
			proxyType = 1;
			remoteGlobalIDString = FC91FF98254DB60F001D643B;
			remoteInfo = PhotosSearchApp;
		};
/* End PBXContainerItemProxy section */

/* Begin PBXFileReference section */
		125A8D9833529672E838F512 /* Pods-PhotosSearchApp.debug.xcconfig */ = {isa = PBXFileReference; includeInIndex = 1; lastKnownFileType = text.xcconfig; name = "Pods-PhotosSearchApp.debug.xcconfig"; path = "Target Support Files/Pods-PhotosSearchApp/Pods-PhotosSearchApp.debug.xcconfig"; sourceTree = "<group>"; };
		15393303BBA2F63999C10CA1 /* Pods-PhotosSearchApp-PhotosSearchAppUITests.debug.xcconfig */ = {isa = PBXFileReference; includeInIndex = 1; lastKnownFileType = text.xcconfig; name = "Pods-PhotosSearchApp-PhotosSearchAppUITests.debug.xcconfig"; path = "Target Support Files/Pods-PhotosSearchApp-PhotosSearchAppUITests/Pods-PhotosSearchApp-PhotosSearchAppUITests.debug.xcconfig"; sourceTree = "<group>"; };
		3CE242700171930CF112782B /* Pods_PhotosSearchApp_PhotosSearchAppUITests.framework */ = {isa = PBXFileReference; explicitFileType = wrapper.framework; includeInIndex = 0; path = Pods_PhotosSearchApp_PhotosSearchAppUITests.framework; sourceTree = BUILT_PRODUCTS_DIR; };
		4459C66B3200857BB1B06BDC /* Pods_PhotosSearchAppTests.framework */ = {isa = PBXFileReference; explicitFileType = wrapper.framework; includeInIndex = 0; path = Pods_PhotosSearchAppTests.framework; sourceTree = BUILT_PRODUCTS_DIR; };
		7C97A56B9A764941E7230CD0 /* Pods-PhotosSearchApp.release.xcconfig */ = {isa = PBXFileReference; includeInIndex = 1; lastKnownFileType = text.xcconfig; name = "Pods-PhotosSearchApp.release.xcconfig"; path = "Target Support Files/Pods-PhotosSearchApp/Pods-PhotosSearchApp.release.xcconfig"; sourceTree = "<group>"; };
		C66754973B335486720D01C8 /* Pods-PhotosSearchAppTests.debug.xcconfig */ = {isa = PBXFileReference; includeInIndex = 1; lastKnownFileType = text.xcconfig; name = "Pods-PhotosSearchAppTests.debug.xcconfig"; path = "Target Support Files/Pods-PhotosSearchAppTests/Pods-PhotosSearchAppTests.debug.xcconfig"; sourceTree = "<group>"; };
		CA11EEC234A15F6B647DF193 /* Pods-PhotosSearchApp-PhotosSearchAppUITests.release.xcconfig */ = {isa = PBXFileReference; includeInIndex = 1; lastKnownFileType = text.xcconfig; name = "Pods-PhotosSearchApp-PhotosSearchAppUITests.release.xcconfig"; path = "Target Support Files/Pods-PhotosSearchApp-PhotosSearchAppUITests/Pods-PhotosSearchApp-PhotosSearchAppUITests.release.xcconfig"; sourceTree = "<group>"; };
		EBFB348DEF0013C2FDD47F69 /* Pods-PhotosSearchAppTests.release.xcconfig */ = {isa = PBXFileReference; includeInIndex = 1; lastKnownFileType = text.xcconfig; name = "Pods-PhotosSearchAppTests.release.xcconfig"; path = "Target Support Files/Pods-PhotosSearchAppTests/Pods-PhotosSearchAppTests.release.xcconfig"; sourceTree = "<group>"; };
		FC142358255194D7008C9CBC /* CellExtension.swift */ = {isa = PBXFileReference; lastKnownFileType = sourcecode.swift; path = CellExtension.swift; sourceTree = "<group>"; };
		FC14235D255194F2008C9CBC /* ListExtension.swift */ = {isa = PBXFileReference; lastKnownFileType = sourcecode.swift; path = ListExtension.swift; sourceTree = "<group>"; };
		FC1423912551A2EA008C9CBC /* UIScrollView+Rx.swift */ = {isa = PBXFileReference; lastKnownFileType = sourcecode.swift; path = "UIScrollView+Rx.swift"; sourceTree = "<group>"; };
		FC14239D2551B8D6008C9CBC /* ErrorAlert.swift */ = {isa = PBXFileReference; lastKnownFileType = sourcecode.swift; path = ErrorAlert.swift; sourceTree = "<group>"; };
		FC1423DD2551CBF7008C9CBC /* PhotoDetailViewModel.swift */ = {isa = PBXFileReference; fileEncoding = 4; lastKnownFileType = sourcecode.swift; path = PhotoDetailViewModel.swift; sourceTree = "<group>"; };
		FC1423DF2551CBF7008C9CBC /* PhotoDetailWireframe.swift */ = {isa = PBXFileReference; fileEncoding = 4; lastKnownFileType = sourcecode.swift; path = PhotoDetailWireframe.swift; sourceTree = "<group>"; };
		FC1423E12551CBF7008C9CBC /* PhotoDetailViewController.storyboard */ = {isa = PBXFileReference; fileEncoding = 4; lastKnownFileType = file.storyboard; path = PhotoDetailViewController.storyboard; sourceTree = "<group>"; };
		FC1423E22551CBF7008C9CBC /* PhotoDetailViewController.swift */ = {isa = PBXFileReference; fileEncoding = 4; lastKnownFileType = sourcecode.swift; path = PhotoDetailViewController.swift; sourceTree = "<group>"; };
		FC1423E42551CBF7008C9CBC /* PhotoDetailBuilder.swift */ = {isa = PBXFileReference; fileEncoding = 4; lastKnownFileType = sourcecode.swift; path = PhotoDetailBuilder.swift; sourceTree = "<group>"; };
		FC1423ED2551CE1F008C9CBC /* TransitToPhotoDetailWireframe.swift */ = {isa = PBXFileReference; lastKnownFileType = sourcecode.swift; path = TransitToPhotoDetailWireframe.swift; sourceTree = "<group>"; };
		FC1423F52551D53E008C9CBC /* UIViewController+Rx.swift */ = {isa = PBXFileReference; lastKnownFileType = sourcecode.swift; path = "UIViewController+Rx.swift"; sourceTree = "<group>"; };
		FC5355DF2557C9AB000605ED /* APIErrorResponse.swift */ = {isa = PBXFileReference; lastKnownFileType = sourcecode.swift; path = APIErrorResponse.swift; sourceTree = "<group>"; };
		FC5355EB2557D496000605ED /* AppError.swift */ = {isa = PBXFileReference; lastKnownFileType = sourcecode.swift; path = AppError.swift; sourceTree = "<group>"; };
		FC5355F02557E1C2000605ED /* APIError+Alertable.swift */ = {isa = PBXFileReference; lastKnownFileType = sourcecode.swift; path = "APIError+Alertable.swift"; sourceTree = "<group>"; };
		FC5355F52557E1D6000605ED /* NetworkReachabilityError+Alertable.swift */ = {isa = PBXFileReference; lastKnownFileType = sourcecode.swift; path = "NetworkReachabilityError+Alertable.swift"; sourceTree = "<group>"; };
		FC5356032557E527000605ED /* Logger.swift */ = {isa = PBXFileReference; lastKnownFileType = sourcecode.swift; path = Logger.swift; sourceTree = "<group>"; };
		FC695DAC2556F1640074196E /* NetworkManager.swift */ = {isa = PBXFileReference; lastKnownFileType = sourcecode.swift; path = NetworkManager.swift; sourceTree = "<group>"; };
		FC695DB425570B450074196E /* NetworkReachabilityError.swift */ = {isa = PBXFileReference; lastKnownFileType = sourcecode.swift; path = NetworkReachabilityError.swift; sourceTree = "<group>"; };
		FC77D2EC2551094400333695 /* FlickrRequest.swift */ = {isa = PBXFileReference; lastKnownFileType = sourcecode.swift; path = FlickrRequest.swift; sourceTree = "<group>"; };
		FC77D2F52551148200333695 /* PhotosSearchTranslator.swift */ = {isa = PBXFileReference; lastKnownFileType = sourcecode.swift; path = PhotosSearchTranslator.swift; sourceTree = "<group>"; };
		FC77D3072551166300333695 /* PhotosSearchUseCase.swift */ = {isa = PBXFileReference; lastKnownFileType = sourcecode.swift; path = PhotosSearchUseCase.swift; sourceTree = "<group>"; };
		FC77D3102551216F00333695 /* PhotosSearchBuilder.swift */ = {isa = PBXFileReference; lastKnownFileType = sourcecode.swift; path = PhotosSearchBuilder.swift; sourceTree = "<group>"; };
		FC77D319255121A300333695 /* PhotosSearchViewModel.swift */ = {isa = PBXFileReference; lastKnownFileType = sourcecode.swift; path = PhotosSearchViewModel.swift; sourceTree = "<group>"; };
		FC77D31F255122A700333695 /* PhotosSearchWireframe.swift */ = {isa = PBXFileReference; lastKnownFileType = sourcecode.swift; path = PhotosSearchWireframe.swift; sourceTree = "<group>"; };
		FC77D32525512C1900333695 /* UIViewController+.swift */ = {isa = PBXFileReference; lastKnownFileType = sourcecode.swift; path = "UIViewController+.swift"; sourceTree = "<group>"; };
		FC77D32D25513A1600333695 /* ViewModelProtocol.swift */ = {isa = PBXFileReference; lastKnownFileType = sourcecode.swift; path = ViewModelProtocol.swift; sourceTree = "<group>"; };
		FC77D33425513FE200333695 /* ViewProtocol.swift */ = {isa = PBXFileReference; lastKnownFileType = sourcecode.swift; path = ViewProtocol.swift; sourceTree = "<group>"; };
		FC77D33F255146C500333695 /* OptionalType.swift */ = {isa = PBXFileReference; lastKnownFileType = sourcecode.swift; path = OptionalType.swift; sourceTree = "<group>"; };
		FC77D34525514B3800333695 /* SceneDelegate+.swift */ = {isa = PBXFileReference; lastKnownFileType = sourcecode.swift; path = "SceneDelegate+.swift"; sourceTree = "<group>"; };
		FC77D34F2551533600333695 /* UIImageView+.swift */ = {isa = PBXFileReference; lastKnownFileType = sourcecode.swift; path = "UIImageView+.swift"; sourceTree = "<group>"; };
		FC77D3622551874100333695 /* UIAlertController+.swift */ = {isa = PBXFileReference; lastKnownFileType = sourcecode.swift; path = "UIAlertController+.swift"; sourceTree = "<group>"; };
		FC91002D254DC606001D643B /* PhotoCollectionViewCell.swift */ = {isa = PBXFileReference; lastKnownFileType = sourcecode.swift; path = PhotoCollectionViewCell.swift; sourceTree = "<group>"; };
		FC91002E254DC606001D643B /* PhotoCollectionViewCell.xib */ = {isa = PBXFileReference; lastKnownFileType = file.xib; path = PhotoCollectionViewCell.xib; sourceTree = "<group>"; };
		FC910038254DC80D001D643B /* PhotosSearchModel.swift */ = {isa = PBXFileReference; lastKnownFileType = sourcecode.swift; path = PhotosSearchModel.swift; sourceTree = "<group>"; };
		FC910045254DCBA9001D643B /* EncodingType.swift */ = {isa = PBXFileReference; lastKnownFileType = sourcecode.swift; path = EncodingType.swift; sourceTree = "<group>"; };
		FC91004A254DCBC0001D643B /* APIRequestable.swift */ = {isa = PBXFileReference; lastKnownFileType = sourcecode.swift; path = APIRequestable.swift; sourceTree = "<group>"; };
		FC91004F254DCBD9001D643B /* APIError.swift */ = {isa = PBXFileReference; lastKnownFileType = sourcecode.swift; path = APIError.swift; sourceTree = "<group>"; };
		FC910054254DCC0E001D643B /* APIClient.swift */ = {isa = PBXFileReference; lastKnownFileType = sourcecode.swift; path = APIClient.swift; sourceTree = "<group>"; };
		FC91005C254DDEC9001D643B /* PhotosSearchRequest.swift */ = {isa = PBXFileReference; lastKnownFileType = sourcecode.swift; path = PhotosSearchRequest.swift; sourceTree = "<group>"; };
		FC910061254DDFEA001D643B /* PhotosSearchResponse.swift */ = {isa = PBXFileReference; lastKnownFileType = sourcecode.swift; path = PhotosSearchResponse.swift; sourceTree = "<group>"; };
		FC910068254DE26C001D643B /* FlickrErrorResponse.swift */ = {isa = PBXFileReference; lastKnownFileType = sourcecode.swift; path = FlickrErrorResponse.swift; sourceTree = "<group>"; };
		FC910071254DE348001D643B /* PhotosSearchRepository.swift */ = {isa = PBXFileReference; lastKnownFileType = sourcecode.swift; path = PhotosSearchRepository.swift; sourceTree = "<group>"; };
		FC91FF99254DB60F001D643B /* PhotosSearchApp.app */ = {isa = PBXFileReference; explicitFileType = wrapper.application; includeInIndex = 0; path = PhotosSearchApp.app; sourceTree = BUILT_PRODUCTS_DIR; };
		FC91FF9C254DB60F001D643B /* AppDelegate.swift */ = {isa = PBXFileReference; lastKnownFileType = sourcecode.swift; path = AppDelegate.swift; sourceTree = "<group>"; };
		FC91FF9E254DB60F001D643B /* SceneDelegate.swift */ = {isa = PBXFileReference; lastKnownFileType = sourcecode.swift; path = SceneDelegate.swift; sourceTree = "<group>"; };
		FC91FFA0254DB60F001D643B /* PhotosSearchViewController.swift */ = {isa = PBXFileReference; lastKnownFileType = sourcecode.swift; path = PhotosSearchViewController.swift; sourceTree = "<group>"; };
		FC91FFA5254DB610001D643B /* Assets.xcassets */ = {isa = PBXFileReference; lastKnownFileType = folder.assetcatalog; path = Assets.xcassets; sourceTree = "<group>"; };
		FC91FFAA254DB610001D643B /* Info.plist */ = {isa = PBXFileReference; lastKnownFileType = text.plist.xml; path = Info.plist; sourceTree = "<group>"; };
		FC91FFAF254DB611001D643B /* PhotosSearchAppTests.xctest */ = {isa = PBXFileReference; explicitFileType = wrapper.cfbundle; includeInIndex = 0; path = PhotosSearchAppTests.xctest; sourceTree = BUILT_PRODUCTS_DIR; };
		FC91FFB3254DB611001D643B /* PhotosSearchAppTests.swift */ = {isa = PBXFileReference; lastKnownFileType = sourcecode.swift; path = PhotosSearchAppTests.swift; sourceTree = "<group>"; };
		FC91FFB5254DB611001D643B /* Info.plist */ = {isa = PBXFileReference; lastKnownFileType = text.plist.xml; path = Info.plist; sourceTree = "<group>"; };
		FC91FFBA254DB611001D643B /* PhotosSearchAppUITests.xctest */ = {isa = PBXFileReference; explicitFileType = wrapper.cfbundle; includeInIndex = 0; path = PhotosSearchAppUITests.xctest; sourceTree = BUILT_PRODUCTS_DIR; };
		FC91FFBE254DB611001D643B /* PhotosSearchAppUITests.swift */ = {isa = PBXFileReference; lastKnownFileType = sourcecode.swift; path = PhotosSearchAppUITests.swift; sourceTree = "<group>"; };
		FC91FFC0254DB611001D643B /* Info.plist */ = {isa = PBXFileReference; lastKnownFileType = text.plist.xml; path = Info.plist; sourceTree = "<group>"; };
		FC91FFF4254DBAAE001D643B /* PhotosSearchViewController.storyboard */ = {isa = PBXFileReference; fileEncoding = 4; lastKnownFileType = file.storyboard; path = PhotosSearchViewController.storyboard; sourceTree = "<group>"; };
		FC91FFFC254DBABC001D643B /* LaunchScreen.storyboard */ = {isa = PBXFileReference; fileEncoding = 4; lastKnownFileType = file.storyboard; path = LaunchScreen.storyboard; sourceTree = "<group>"; };
		FCA5EE2A255302FD00A3E3C7 /* UIViewController+Swizzling.swift */ = {isa = PBXFileReference; lastKnownFileType = sourcecode.swift; path = "UIViewController+Swizzling.swift"; sourceTree = "<group>"; };
		FCC53D8E255433BA00FA9EA5 /* UIView+.swift */ = {isa = PBXFileReference; lastKnownFileType = sourcecode.swift; path = "UIView+.swift"; sourceTree = "<group>"; };
		FCCB5A532550648F005A0057 /* PhotosSearchAPIDataStore.swift */ = {isa = PBXFileReference; lastKnownFileType = sourcecode.swift; path = PhotosSearchAPIDataStore.swift; sourceTree = "<group>"; };
		FCCB5A5B25506A42005A0057 /* APIClient+Rx.swift */ = {isa = PBXFileReference; lastKnownFileType = sourcecode.swift; path = "APIClient+Rx.swift"; sourceTree = "<group>"; };
		FD3EAFEBF683166519D814A2 /* Pods_PhotosSearchApp.framework */ = {isa = PBXFileReference; explicitFileType = wrapper.framework; includeInIndex = 0; path = Pods_PhotosSearchApp.framework; sourceTree = BUILT_PRODUCTS_DIR; };
/* End PBXFileReference section */

/* Begin PBXFrameworksBuildPhase section */
		FC91FF96254DB60F001D643B /* Frameworks */ = {
			isa = PBXFrameworksBuildPhase;
			buildActionMask = 2147483647;
			files = (
				FC5355FC2557E4EE000605ED /* ObjcExceptionBridging in Frameworks */,
				FC910019254DC0E0001D643B /* Alamofire in Frameworks */,
				FC91000D254DC08A001D643B /* RxRelay in Frameworks */,
				FC91000B254DC08A001D643B /* RxSwift in Frameworks */,
				FC91001F254DC0FB001D643B /* Nuke in Frameworks */,
				FC5355FE2557E4EE000605ED /* XCGLogger in Frameworks */,
				FC910009254DC08A001D643B /* RxCocoa in Frameworks */,
				FC910013254DC0AD001D643B /* Unio in Frameworks */,
				182941ACBA42BC1D50444082 /* Pods_PhotosSearchApp.framework in Frameworks */,
			);
			runOnlyForDeploymentPostprocessing = 0;
		};
		FC91FFAC254DB611001D643B /* Frameworks */ = {
			isa = PBXFrameworksBuildPhase;
			buildActionMask = 2147483647;
			files = (
				CB20F4A9AD3E72D87F55B0CA /* Pods_PhotosSearchAppTests.framework in Frameworks */,
			);
			runOnlyForDeploymentPostprocessing = 0;
		};
		FC91FFB7254DB611001D643B /* Frameworks */ = {
			isa = PBXFrameworksBuildPhase;
			buildActionMask = 2147483647;
			files = (
				A4B47A6130D98B9847234819 /* Pods_PhotosSearchApp_PhotosSearchAppUITests.framework in Frameworks */,
			);
			runOnlyForDeploymentPostprocessing = 0;
		};
/* End PBXFrameworksBuildPhase section */

/* Begin PBXGroup section */
		602D2312DBB7169E1A1512CB /* Pods */ = {
			isa = PBXGroup;
			children = (
				125A8D9833529672E838F512 /* Pods-PhotosSearchApp.debug.xcconfig */,
				7C97A56B9A764941E7230CD0 /* Pods-PhotosSearchApp.release.xcconfig */,
				15393303BBA2F63999C10CA1 /* Pods-PhotosSearchApp-PhotosSearchAppUITests.debug.xcconfig */,
				CA11EEC234A15F6B647DF193 /* Pods-PhotosSearchApp-PhotosSearchAppUITests.release.xcconfig */,
				C66754973B335486720D01C8 /* Pods-PhotosSearchAppTests.debug.xcconfig */,
				EBFB348DEF0013C2FDD47F69 /* Pods-PhotosSearchAppTests.release.xcconfig */,
			);
			path = Pods;
			sourceTree = "<group>";
		};
		A69A05902E6439F20CAAE0DB /* Frameworks */ = {
			isa = PBXGroup;
			children = (
				FD3EAFEBF683166519D814A2 /* Pods_PhotosSearchApp.framework */,
				3CE242700171930CF112782B /* Pods_PhotosSearchApp_PhotosSearchAppUITests.framework */,
				4459C66B3200857BB1B06BDC /* Pods_PhotosSearchAppTests.framework */,
			);
			name = Frameworks;
			sourceTree = "<group>";
		};
		FC1423862551A270008C9CBC /* Rx */ = {
			isa = PBXGroup;
			children = (
				FC1423912551A2EA008C9CBC /* UIScrollView+Rx.swift */,
				FC1423F52551D53E008C9CBC /* UIViewController+Rx.swift */,
			);
			path = Rx;
			sourceTree = "<group>";
		};
		FC1423872551A278008C9CBC /* CellExtension */ = {
			isa = PBXGroup;
			children = (
				FC142358255194D7008C9CBC /* CellExtension.swift */,
			);
			path = CellExtension;
			sourceTree = "<group>";
		};
		FC1423882551A282008C9CBC /* ListExtension */ = {
			isa = PBXGroup;
			children = (
				FC14235D255194F2008C9CBC /* ListExtension.swift */,
			);
			path = ListExtension;
			sourceTree = "<group>";
		};
		FC1423962551B1E7008C9CBC /* Utility */ = {
			isa = PBXGroup;
			children = (
				FC3CFA6E255302C500F3A395 /* Extension */,
				FC5356022557E51E000605ED /* Logger */,
				FC695D9E2556A10A0074196E /* Rx */,
			);
			path = Utility;
			sourceTree = "<group>";
		};
		FC14239C2551B8CB008C9CBC /* View */ = {
			isa = PBXGroup;
			children = (
				FC14239D2551B8D6008C9CBC /* ErrorAlert.swift */,
			);
			path = View;
			sourceTree = "<group>";
		};
		FC1423DB2551CBF7008C9CBC /* PhotoDetail */ = {
			isa = PBXGroup;
			children = (
				FC1423E32551CBF7008C9CBC /* Builder */,
				FC1423E02551CBF7008C9CBC /* View */,
				FC1423DC2551CBF7008C9CBC /* ViewModel */,
				FC1423DE2551CBF7008C9CBC /* Wireframe */,
			);
			path = PhotoDetail;
			sourceTree = "<group>";
		};
		FC1423DC2551CBF7008C9CBC /* ViewModel */ = {
			isa = PBXGroup;
			children = (
				FC1423DD2551CBF7008C9CBC /* PhotoDetailViewModel.swift */,
			);
			path = ViewModel;
			sourceTree = "<group>";
		};
		FC1423DE2551CBF7008C9CBC /* Wireframe */ = {
			isa = PBXGroup;
			children = (
				FC1423DF2551CBF7008C9CBC /* PhotoDetailWireframe.swift */,
				FC1423ED2551CE1F008C9CBC /* TransitToPhotoDetailWireframe.swift */,
			);
			path = Wireframe;
			sourceTree = "<group>";
		};
		FC1423E02551CBF7008C9CBC /* View */ = {
			isa = PBXGroup;
			children = (
				FC1423E12551CBF7008C9CBC /* PhotoDetailViewController.storyboard */,
				FC1423E22551CBF7008C9CBC /* PhotoDetailViewController.swift */,
			);
			path = View;
			sourceTree = "<group>";
		};
		FC1423E32551CBF7008C9CBC /* Builder */ = {
			isa = PBXGroup;
			children = (
				FC1423E42551CBF7008C9CBC /* PhotoDetailBuilder.swift */,
			);
			path = Builder;
			sourceTree = "<group>";
		};
		FC3CFA6E255302C500F3A395 /* Extension */ = {
			isa = PBXGroup;
			children = (
				FC3CFA6F255302D100F3A395 /* MethodSwizzling */,
			);
			path = Extension;
			sourceTree = "<group>";
		};
		FC3CFA6F255302D100F3A395 /* MethodSwizzling */ = {
			isa = PBXGroup;
			children = (
				FCA5EE2A255302FD00A3E3C7 /* UIViewController+Swizzling.swift */,
			);
			path = MethodSwizzling;
			sourceTree = "<group>";
		};
		FC5355EA2557D48E000605ED /* Error */ = {
			isa = PBXGroup;
			children = (
				FC53560E2557EF5C000605ED /* Alertable */,
				FC5355EB2557D496000605ED /* AppError.swift */,
			);
			path = Error;
			sourceTree = "<group>";
		};
		FC5356022557E51E000605ED /* Logger */ = {
			isa = PBXGroup;
			children = (
				FC5356032557E527000605ED /* Logger.swift */,
			);
			path = Logger;
			sourceTree = "<group>";
		};
		FC53560E2557EF5C000605ED /* Alertable */ = {
			isa = PBXGroup;
			children = (
				FC5355F02557E1C2000605ED /* APIError+Alertable.swift */,
				FC5355F52557E1D6000605ED /* NetworkReachabilityError+Alertable.swift */,
			);
			path = Alertable;
			sourceTree = "<group>";
		};
		FC53560F2557F00D000605ED /* API */ = {
			isa = PBXGroup;
			children = (
				FC910054254DCC0E001D643B /* APIClient.swift */,
				FCCB5A5B25506A42005A0057 /* APIClient+Rx.swift */,
				FC91004F254DCBD9001D643B /* APIError.swift */,
				FC5355DF2557C9AB000605ED /* APIErrorResponse.swift */,
				FC91004A254DCBC0001D643B /* APIRequestable.swift */,
				FC910045254DCBA9001D643B /* EncodingType.swift */,
			);
			path = API;
			sourceTree = "<group>";
		};
		FC695D9E2556A10A0074196E /* Rx */ = {
			isa = PBXGroup;
			children = (
				FC77D33F255146C500333695 /* OptionalType.swift */,
			);
			path = Rx;
			sourceTree = "<group>";
		};
		FC695DAB2556F15E0074196E /* NetworkManager */ = {
			isa = PBXGroup;
			children = (
				FC695DAC2556F1640074196E /* NetworkManager.swift */,
				FC695DB425570B450074196E /* NetworkReachabilityError.swift */,
			);
			path = NetworkManager;
			sourceTree = "<group>";
		};
		FC77D2EB2551093700333695 /* Common */ = {
			isa = PBXGroup;
			children = (
				FC77D2EC2551094400333695 /* FlickrRequest.swift */,
			);
			path = Common;
			sourceTree = "<group>";
		};
		FC77D2F42551146F00333695 /* PhotosSearch */ = {
			isa = PBXGroup;
			children = (
				FC77D2F52551148200333695 /* PhotosSearchTranslator.swift */,
			);
			path = PhotosSearch;
			sourceTree = "<group>";
		};
		FC77D3062551165900333695 /* PhotosSearch */ = {
			isa = PBXGroup;
			children = (
				FC77D3072551166300333695 /* PhotosSearchUseCase.swift */,
			);
			path = PhotosSearch;
			sourceTree = "<group>";
		};
		FC77D30F2551215E00333695 /* Builder */ = {
			isa = PBXGroup;
			children = (
				FC77D3102551216F00333695 /* PhotosSearchBuilder.swift */,
			);
			path = Builder;
			sourceTree = "<group>";
		};
		FC77D3182551219900333695 /* ViewModel */ = {
			isa = PBXGroup;
			children = (
				FC77D319255121A300333695 /* PhotosSearchViewModel.swift */,
			);
			path = ViewModel;
			sourceTree = "<group>";
		};
		FC77D31E2551229800333695 /* Wireframe */ = {
			isa = PBXGroup;
			children = (
				FC77D31F255122A700333695 /* PhotosSearchWireframe.swift */,
			);
			path = Wireframe;
			sourceTree = "<group>";
		};
		FC77D32425512BB200333695 /* Utility */ = {
			isa = PBXGroup;
			children = (
				FC5355EA2557D48E000605ED /* Error */,
				FC14239C2551B8CB008C9CBC /* View */,
				FC77D35A25517EE500333695 /* Extension */,
			);
			path = Utility;
			sourceTree = "<group>";
		};
		FC77D34425514B2900333695 /* Extension */ = {
			isa = PBXGroup;
			children = (
				FC77D34525514B3800333695 /* SceneDelegate+.swift */,
			);
			path = Extension;
			sourceTree = "<group>";
		};
		FC77D35925517D7D00333695 /* View */ = {
			isa = PBXGroup;
			children = (
				FC91002C254DC5EB001D643B /* Components */,
				FC91FFF4254DBAAE001D643B /* PhotosSearchViewController.storyboard */,
				FC91FFA0254DB60F001D643B /* PhotosSearchViewController.swift */,
			);
			path = View;
			sourceTree = "<group>";
		};
		FC77D35A25517EE500333695 /* Extension */ = {
			isa = PBXGroup;
			children = (
				FC1423872551A278008C9CBC /* CellExtension */,
				FC1423882551A282008C9CBC /* ListExtension */,
				FC1423862551A270008C9CBC /* Rx */,
				FC77D3622551874100333695 /* UIAlertController+.swift */,
				FC77D34F2551533600333695 /* UIImageView+.swift */,
				FCC53D8E255433BA00FA9EA5 /* UIView+.swift */,
				FC77D32525512C1900333695 /* UIViewController+.swift */,
			);
			path = Extension;
			sourceTree = "<group>";
		};
		FC77D35B25517F3000333695 /* Protocol */ = {
			isa = PBXGroup;
			children = (
				FC77D32D25513A1600333695 /* ViewModelProtocol.swift */,
				FC77D33425513FE200333695 /* ViewProtocol.swift */,
			);
			path = Protocol;
			sourceTree = "<group>";
		};
		FC91002C254DC5EB001D643B /* Components */ = {
			isa = PBXGroup;
			children = (
				FC91002D254DC606001D643B /* PhotoCollectionViewCell.swift */,
				FC91002E254DC606001D643B /* PhotoCollectionViewCell.xib */,
			);
			path = Components;
			sourceTree = "<group>";
		};
		FC910037254DC800001D643B /* PhotosSearch */ = {
			isa = PBXGroup;
			children = (
				FC910038254DC80D001D643B /* PhotosSearchModel.swift */,
			);
			path = PhotosSearch;
			sourceTree = "<group>";
		};
		FC91003D254DC92A001D643B /* API */ = {
			isa = PBXGroup;
			children = (
				FC91003E254DC934001D643B /* Request */,
				FC91003F254DC93A001D643B /* Response */,
			);
			path = API;
			sourceTree = "<group>";
		};
		FC91003E254DC934001D643B /* Request */ = {
			isa = PBXGroup;
			children = (
				FC910040254DC96B001D643B /* Flickr */,
			);
			path = Request;
			sourceTree = "<group>";
		};
		FC91003F254DC93A001D643B /* Response */ = {
			isa = PBXGroup;
			children = (
				FC910042254DC994001D643B /* Flickr */,
			);
			path = Response;
			sourceTree = "<group>";
		};
		FC910040254DC96B001D643B /* Flickr */ = {
			isa = PBXGroup;
			children = (
				FC77D2EB2551093700333695 /* Common */,
				FC910041254DC987001D643B /* PhotosSearch */,
			);
			path = Flickr;
			sourceTree = "<group>";
		};
		FC910041254DC987001D643B /* PhotosSearch */ = {
			isa = PBXGroup;
			children = (
				FC91005C254DDEC9001D643B /* PhotosSearchRequest.swift */,
			);
			path = PhotosSearch;
			sourceTree = "<group>";
		};
		FC910042254DC994001D643B /* Flickr */ = {
			isa = PBXGroup;
			children = (
				FC910067254DE262001D643B /* Common */,
				FC910043254DC99C001D643B /* PhotosSearch */,
			);
			path = Flickr;
			sourceTree = "<group>";
		};
		FC910043254DC99C001D643B /* PhotosSearch */ = {
			isa = PBXGroup;
			children = (
				FC910061254DDFEA001D643B /* PhotosSearchResponse.swift */,
			);
			path = PhotosSearch;
			sourceTree = "<group>";
		};
		FC910044254DCB8B001D643B /* Infra */ = {
			isa = PBXGroup;
			children = (
				FC53560F2557F00D000605ED /* API */,
				FC695DAB2556F15E0074196E /* NetworkManager */,
			);
			path = Infra;
			sourceTree = "<group>";
		};
		FC910067254DE262001D643B /* Common */ = {
			isa = PBXGroup;
			children = (
				FC910068254DE26C001D643B /* FlickrErrorResponse.swift */,
			);
			path = Common;
			sourceTree = "<group>";
		};
		FC910070254DE33E001D643B /* PhotosSearch */ = {
			isa = PBXGroup;
			children = (
				FC910071254DE348001D643B /* PhotosSearchRepository.swift */,
			);
			path = PhotosSearch;
			sourceTree = "<group>";
		};
		FC91FF90254DB60F001D643B = {
			isa = PBXGroup;
			children = (
				FC91FF9B254DB60F001D643B /* PhotosSearchApp */,
				FC91FFB2254DB611001D643B /* PhotosSearchAppTests */,
				FC91FFBD254DB611001D643B /* PhotosSearchAppUITests */,
				FC91FF9A254DB60F001D643B /* Products */,
				602D2312DBB7169E1A1512CB /* Pods */,
				A69A05902E6439F20CAAE0DB /* Frameworks */,
			);
			sourceTree = "<group>";
		};
		FC91FF9A254DB60F001D643B /* Products */ = {
			isa = PBXGroup;
			children = (
				FC91FF99254DB60F001D643B /* PhotosSearchApp.app */,
				FC91FFAF254DB611001D643B /* PhotosSearchAppTests.xctest */,
				FC91FFBA254DB611001D643B /* PhotosSearchAppUITests.xctest */,
			);
			name = Products;
			sourceTree = "<group>";
		};
		FC91FF9B254DB60F001D643B /* PhotosSearchApp */ = {
			isa = PBXGroup;
			children = (
				FC91FFCF254DB6AC001D643B /* Application */,
				FC91FFD5254DB72A001D643B /* Data */,
				FC91FFD4254DB723001D643B /* Domain */,
				FC91FFD3254DB719001D643B /* Presentation */,
				FC1423962551B1E7008C9CBC /* Utility */,
			);
			path = PhotosSearchApp;
			sourceTree = "<group>";
		};
		FC91FFB2254DB611001D643B /* PhotosSearchAppTests */ = {
			isa = PBXGroup;
			children = (
				FC91FFB3254DB611001D643B /* PhotosSearchAppTests.swift */,
				FC91FFB5254DB611001D643B /* Info.plist */,
			);
			path = PhotosSearchAppTests;
			sourceTree = "<group>";
		};
		FC91FFBD254DB611001D643B /* PhotosSearchAppUITests */ = {
			isa = PBXGroup;
			children = (
				FC91FFBE254DB611001D643B /* PhotosSearchAppUITests.swift */,
				FC91FFC0254DB611001D643B /* Info.plist */,
			);
			path = PhotosSearchAppUITests;
			sourceTree = "<group>";
		};
		FC91FFCF254DB6AC001D643B /* Application */ = {
			isa = PBXGroup;
			children = (
				FC91FF9C254DB60F001D643B /* AppDelegate.swift */,
				FC77D34425514B2900333695 /* Extension */,
				FC91FFAA254DB610001D643B /* Info.plist */,
				FC91FFFC254DBABC001D643B /* LaunchScreen.storyboard */,
				FC91FF9E254DB60F001D643B /* SceneDelegate.swift */,
			);
			path = Application;
			sourceTree = "<group>";
		};
		FC91FFD3254DB719001D643B /* Presentation */ = {
			isa = PBXGroup;
			children = (
				FC77D35B25517F3000333695 /* Protocol */,
				FC91FFD9254DB79E001D643B /* Resources */,
				FC91FFE3254DB929001D643B /* Scene */,
				FC77D32425512BB200333695 /* Utility */,
			);
			path = Presentation;
			sourceTree = "<group>";
		};
		FC91FFD4254DB723001D643B /* Domain */ = {
			isa = PBXGroup;
			children = (
				FC91FFE2254DB90E001D643B /* Model */,
				FC91FFE1254DB909001D643B /* Translator */,
				FC91FFE0254DB8A4001D643B /* UseCase */,
			);
			path = Domain;
			sourceTree = "<group>";
		};
		FC91FFD5254DB72A001D643B /* Data */ = {
			isa = PBXGroup;
			children = (
				FC910044254DCB8B001D643B /* Infra */,
				FC91FFDF254DB899001D643B /* Repository */,
				FC91FFDE254DB88E001D643B /* Entity */,
				FC91FFDD254DB884001D643B /* DataStore */,
			);
			path = Data;
			sourceTree = "<group>";
		};
		FC91FFD9254DB79E001D643B /* Resources */ = {
			isa = PBXGroup;
			children = (
				FC91FFA5254DB610001D643B /* Assets.xcassets */,
			);
			path = Resources;
			sourceTree = "<group>";
		};
		FC91FFDD254DB884001D643B /* DataStore */ = {
			isa = PBXGroup;
			children = (
				FCCB5A5125506453005A0057 /* API */,
			);
			path = DataStore;
			sourceTree = "<group>";
		};
		FC91FFDE254DB88E001D643B /* Entity */ = {
			isa = PBXGroup;
			children = (
				FC91003D254DC92A001D643B /* API */,
			);
			path = Entity;
			sourceTree = "<group>";
		};
		FC91FFDF254DB899001D643B /* Repository */ = {
			isa = PBXGroup;
			children = (
				FC910070254DE33E001D643B /* PhotosSearch */,
			);
			path = Repository;
			sourceTree = "<group>";
		};
		FC91FFE0254DB8A4001D643B /* UseCase */ = {
			isa = PBXGroup;
			children = (
				FC77D3062551165900333695 /* PhotosSearch */,
			);
			path = UseCase;
			sourceTree = "<group>";
		};
		FC91FFE1254DB909001D643B /* Translator */ = {
			isa = PBXGroup;
			children = (
				FC77D2F42551146F00333695 /* PhotosSearch */,
			);
			path = Translator;
			sourceTree = "<group>";
		};
		FC91FFE2254DB90E001D643B /* Model */ = {
			isa = PBXGroup;
			children = (
				FC910037254DC800001D643B /* PhotosSearch */,
			);
			path = Model;
			sourceTree = "<group>";
		};
		FC91FFE3254DB929001D643B /* Scene */ = {
			isa = PBXGroup;
			children = (
				FC1423DB2551CBF7008C9CBC /* PhotoDetail */,
				FC91FFED254DB9EB001D643B /* PhotosSearch */,
			);
			path = Scene;
			sourceTree = "<group>";
		};
		FC91FFED254DB9EB001D643B /* PhotosSearch */ = {
			isa = PBXGroup;
			children = (
				FC77D30F2551215E00333695 /* Builder */,
				FC77D35925517D7D00333695 /* View */,
				FC77D3182551219900333695 /* ViewModel */,
				FC77D31E2551229800333695 /* Wireframe */,
			);
			path = PhotosSearch;
			sourceTree = "<group>";
		};
		FCCB5A5125506453005A0057 /* API */ = {
			isa = PBXGroup;
			children = (
				FCCB5A522550646C005A0057 /* PhotosSearch */,
			);
			path = API;
			sourceTree = "<group>";
		};
		FCCB5A522550646C005A0057 /* PhotosSearch */ = {
			isa = PBXGroup;
			children = (
				FCCB5A532550648F005A0057 /* PhotosSearchAPIDataStore.swift */,
			);
			path = PhotosSearch;
			sourceTree = "<group>";
		};
/* End PBXGroup section */

/* Begin PBXNativeTarget section */
		FC91FF98254DB60F001D643B /* PhotosSearchApp */ = {
			isa = PBXNativeTarget;
			buildConfigurationList = FC91FFC3254DB611001D643B /* Build configuration list for PBXNativeTarget "PhotosSearchApp" */;
			buildPhases = (
				47AB34229C68E092BFC1B98E /* [CP] Check Pods Manifest.lock */,
				FC91FF95254DB60F001D643B /* Sources */,
				FC91FF96254DB60F001D643B /* Frameworks */,
				FC91FF97254DB60F001D643B /* Resources */,
				E20A1361F421EC28F2306317 /* [CP] Embed Pods Frameworks */,
			);
			buildRules = (
			);
			dependencies = (
			);
			name = PhotosSearchApp;
			packageProductDependencies = (
				FC910008254DC08A001D643B /* RxCocoa */,
				FC91000A254DC08A001D643B /* RxSwift */,
				FC91000C254DC08A001D643B /* RxRelay */,
				FC910012254DC0AD001D643B /* Unio */,
				FC910018254DC0E0001D643B /* Alamofire */,
				FC91001E254DC0FB001D643B /* Nuke */,
				FC5355FB2557E4EE000605ED /* ObjcExceptionBridging */,
				FC5355FD2557E4EE000605ED /* XCGLogger */,
			);
			productName = PhotosSearchApp;
			productReference = FC91FF99254DB60F001D643B /* PhotosSearchApp.app */;
			productType = "com.apple.product-type.application";
		};
		FC91FFAE254DB611001D643B /* PhotosSearchAppTests */ = {
			isa = PBXNativeTarget;
			buildConfigurationList = FC91FFC6254DB611001D643B /* Build configuration list for PBXNativeTarget "PhotosSearchAppTests" */;
			buildPhases = (
				DD99FB30001DBD474F986659 /* [CP] Check Pods Manifest.lock */,
				FC91FFAB254DB611001D643B /* Sources */,
				FC91FFAC254DB611001D643B /* Frameworks */,
				FC91FFAD254DB611001D643B /* Resources */,
			);
			buildRules = (
			);
			dependencies = (
				FC91FFB1254DB611001D643B /* PBXTargetDependency */,
			);
			name = PhotosSearchAppTests;
			productName = PhotosSearchAppTests;
			productReference = FC91FFAF254DB611001D643B /* PhotosSearchAppTests.xctest */;
			productType = "com.apple.product-type.bundle.unit-test";
		};
		FC91FFB9254DB611001D643B /* PhotosSearchAppUITests */ = {
			isa = PBXNativeTarget;
			buildConfigurationList = FC91FFC9254DB611001D643B /* Build configuration list for PBXNativeTarget "PhotosSearchAppUITests" */;
			buildPhases = (
				44E4BE5B900EBD3ED272D6FD /* [CP] Check Pods Manifest.lock */,
				FC91FFB6254DB611001D643B /* Sources */,
				FC91FFB7254DB611001D643B /* Frameworks */,
				FC91FFB8254DB611001D643B /* Resources */,
				ED7DFCF001F0F0F94EA665B8 /* [CP] Embed Pods Frameworks */,
			);
			buildRules = (
			);
			dependencies = (
				FC91FFBC254DB611001D643B /* PBXTargetDependency */,
			);
			name = PhotosSearchAppUITests;
			productName = PhotosSearchAppUITests;
			productReference = FC91FFBA254DB611001D643B /* PhotosSearchAppUITests.xctest */;
			productType = "com.apple.product-type.bundle.ui-testing";
		};
/* End PBXNativeTarget section */

/* Begin PBXProject section */
		FC91FF91254DB60F001D643B /* Project object */ = {
			isa = PBXProject;
			attributes = {
				LastSwiftUpdateCheck = 1200;
				LastUpgradeCheck = 1200;
				TargetAttributes = {
					FC91FF98254DB60F001D643B = {
						CreatedOnToolsVersion = 12.0.1;
					};
					FC91FFAE254DB611001D643B = {
						CreatedOnToolsVersion = 12.0.1;
						TestTargetID = FC91FF98254DB60F001D643B;
					};
					FC91FFB9254DB611001D643B = {
						CreatedOnToolsVersion = 12.0.1;
						TestTargetID = FC91FF98254DB60F001D643B;
					};
				};
			};
			buildConfigurationList = FC91FF94254DB60F001D643B /* Build configuration list for PBXProject "PhotosSearchApp" */;
			compatibilityVersion = "Xcode 9.3";
			developmentRegion = en;
			hasScannedForEncodings = 0;
			knownRegions = (
				en,
				Base,
			);
			mainGroup = FC91FF90254DB60F001D643B;
			packageReferences = (
				FC910007254DC08A001D643B /* XCRemoteSwiftPackageReference "RxSwift" */,
				FC910011254DC0AD001D643B /* XCRemoteSwiftPackageReference "Unio" */,
				FC910017254DC0E0001D643B /* XCRemoteSwiftPackageReference "Alamofire" */,
				FC91001D254DC0FB001D643B /* XCRemoteSwiftPackageReference "Nuke" */,
				FC5355FA2557E4EE000605ED /* XCRemoteSwiftPackageReference "XCGLogger" */,
			);
			productRefGroup = FC91FF9A254DB60F001D643B /* Products */;
			projectDirPath = "";
			projectRoot = "";
			targets = (
				FC91FF98254DB60F001D643B /* PhotosSearchApp */,
				FC91FFAE254DB611001D643B /* PhotosSearchAppTests */,
				FC91FFB9254DB611001D643B /* PhotosSearchAppUITests */,
			);
		};
/* End PBXProject section */

/* Begin PBXResourcesBuildPhase section */
		FC91FF97254DB60F001D643B /* Resources */ = {
			isa = PBXResourcesBuildPhase;
			buildActionMask = 2147483647;
			files = (
				FC1423E72551CBF8008C9CBC /* PhotoDetailViewController.storyboard in Resources */,
				FC91FFFD254DBABC001D643B /* LaunchScreen.storyboard in Resources */,
				FC910030254DC606001D643B /* PhotoCollectionViewCell.xib in Resources */,
				FC91FFA6254DB610001D643B /* Assets.xcassets in Resources */,
				FC91FFF5254DBAAE001D643B /* PhotosSearchViewController.storyboard in Resources */,
			);
			runOnlyForDeploymentPostprocessing = 0;
		};
		FC91FFAD254DB611001D643B /* Resources */ = {
			isa = PBXResourcesBuildPhase;
			buildActionMask = 2147483647;
			files = (
			);
			runOnlyForDeploymentPostprocessing = 0;
		};
		FC91FFB8254DB611001D643B /* Resources */ = {
			isa = PBXResourcesBuildPhase;
			buildActionMask = 2147483647;
			files = (
			);
			runOnlyForDeploymentPostprocessing = 0;
		};
/* End PBXResourcesBuildPhase section */

/* Begin PBXShellScriptBuildPhase section */
		44E4BE5B900EBD3ED272D6FD /* [CP] Check Pods Manifest.lock */ = {
			isa = PBXShellScriptBuildPhase;
			buildActionMask = 2147483647;
			files = (
			);
			inputFileListPaths = (
			);
			inputPaths = (
				"${PODS_PODFILE_DIR_PATH}/Podfile.lock",
				"${PODS_ROOT}/Manifest.lock",
			);
			name = "[CP] Check Pods Manifest.lock";
			outputFileListPaths = (
			);
			outputPaths = (
				"$(DERIVED_FILE_DIR)/Pods-PhotosSearchApp-PhotosSearchAppUITests-checkManifestLockResult.txt",
			);
			runOnlyForDeploymentPostprocessing = 0;
			shellPath = /bin/sh;
			shellScript = "diff \"${PODS_PODFILE_DIR_PATH}/Podfile.lock\" \"${PODS_ROOT}/Manifest.lock\" > /dev/null\nif [ $? != 0 ] ; then\n    # print error to STDERR\n    echo \"error: The sandbox is not in sync with the Podfile.lock. Run 'pod install' or update your CocoaPods installation.\" >&2\n    exit 1\nfi\n# This output is used by Xcode 'outputs' to avoid re-running this script phase.\necho \"SUCCESS\" > \"${SCRIPT_OUTPUT_FILE_0}\"\n";
			showEnvVarsInLog = 0;
		};
		47AB34229C68E092BFC1B98E /* [CP] Check Pods Manifest.lock */ = {
			isa = PBXShellScriptBuildPhase;
			buildActionMask = 2147483647;
			files = (
			);
			inputFileListPaths = (
			);
			inputPaths = (
				"${PODS_PODFILE_DIR_PATH}/Podfile.lock",
				"${PODS_ROOT}/Manifest.lock",
			);
			name = "[CP] Check Pods Manifest.lock";
			outputFileListPaths = (
			);
			outputPaths = (
				"$(DERIVED_FILE_DIR)/Pods-PhotosSearchApp-checkManifestLockResult.txt",
			);
			runOnlyForDeploymentPostprocessing = 0;
			shellPath = /bin/sh;
			shellScript = "diff \"${PODS_PODFILE_DIR_PATH}/Podfile.lock\" \"${PODS_ROOT}/Manifest.lock\" > /dev/null\nif [ $? != 0 ] ; then\n    # print error to STDERR\n    echo \"error: The sandbox is not in sync with the Podfile.lock. Run 'pod install' or update your CocoaPods installation.\" >&2\n    exit 1\nfi\n# This output is used by Xcode 'outputs' to avoid re-running this script phase.\necho \"SUCCESS\" > \"${SCRIPT_OUTPUT_FILE_0}\"\n";
			showEnvVarsInLog = 0;
		};
		DD99FB30001DBD474F986659 /* [CP] Check Pods Manifest.lock */ = {
			isa = PBXShellScriptBuildPhase;
			buildActionMask = 2147483647;
			files = (
			);
			inputFileListPaths = (
			);
			inputPaths = (
				"${PODS_PODFILE_DIR_PATH}/Podfile.lock",
				"${PODS_ROOT}/Manifest.lock",
			);
			name = "[CP] Check Pods Manifest.lock";
			outputFileListPaths = (
			);
			outputPaths = (
				"$(DERIVED_FILE_DIR)/Pods-PhotosSearchAppTests-checkManifestLockResult.txt",
			);
			runOnlyForDeploymentPostprocessing = 0;
			shellPath = /bin/sh;
			shellScript = "diff \"${PODS_PODFILE_DIR_PATH}/Podfile.lock\" \"${PODS_ROOT}/Manifest.lock\" > /dev/null\nif [ $? != 0 ] ; then\n    # print error to STDERR\n    echo \"error: The sandbox is not in sync with the Podfile.lock. Run 'pod install' or update your CocoaPods installation.\" >&2\n    exit 1\nfi\n# This output is used by Xcode 'outputs' to avoid re-running this script phase.\necho \"SUCCESS\" > \"${SCRIPT_OUTPUT_FILE_0}\"\n";
			showEnvVarsInLog = 0;
		};
		E20A1361F421EC28F2306317 /* [CP] Embed Pods Frameworks */ = {
			isa = PBXShellScriptBuildPhase;
			buildActionMask = 2147483647;
			files = (
			);
			inputFileListPaths = (
				"${PODS_ROOT}/Target Support Files/Pods-PhotosSearchApp/Pods-PhotosSearchApp-frameworks-${CONFIGURATION}-input-files.xcfilelist",
			);
			name = "[CP] Embed Pods Frameworks";
			outputFileListPaths = (
				"${PODS_ROOT}/Target Support Files/Pods-PhotosSearchApp/Pods-PhotosSearchApp-frameworks-${CONFIGURATION}-output-files.xcfilelist",
			);
			runOnlyForDeploymentPostprocessing = 0;
			shellPath = /bin/sh;
			shellScript = "\"${PODS_ROOT}/Target Support Files/Pods-PhotosSearchApp/Pods-PhotosSearchApp-frameworks.sh\"\n";
			showEnvVarsInLog = 0;
		};
		ED7DFCF001F0F0F94EA665B8 /* [CP] Embed Pods Frameworks */ = {
			isa = PBXShellScriptBuildPhase;
			buildActionMask = 2147483647;
			files = (
			);
			inputFileListPaths = (
				"${PODS_ROOT}/Target Support Files/Pods-PhotosSearchApp-PhotosSearchAppUITests/Pods-PhotosSearchApp-PhotosSearchAppUITests-frameworks-${CONFIGURATION}-input-files.xcfilelist",
			);
			name = "[CP] Embed Pods Frameworks";
			outputFileListPaths = (
				"${PODS_ROOT}/Target Support Files/Pods-PhotosSearchApp-PhotosSearchAppUITests/Pods-PhotosSearchApp-PhotosSearchAppUITests-frameworks-${CONFIGURATION}-output-files.xcfilelist",
			);
			runOnlyForDeploymentPostprocessing = 0;
			shellPath = /bin/sh;
			shellScript = "\"${PODS_ROOT}/Target Support Files/Pods-PhotosSearchApp-PhotosSearchAppUITests/Pods-PhotosSearchApp-PhotosSearchAppUITests-frameworks.sh\"\n";
			showEnvVarsInLog = 0;
		};
/* End PBXShellScriptBuildPhase section */

/* Begin PBXSourcesBuildPhase section */
		FC91FF95254DB60F001D643B /* Sources */ = {
			isa = PBXSourcesBuildPhase;
			buildActionMask = 2147483647;
			files = (
				FC910069254DE26C001D643B /* FlickrErrorResponse.swift in Sources */,
				FC77D3112551216F00333695 /* PhotosSearchBuilder.swift in Sources */,
				FC77D320255122A700333695 /* PhotosSearchWireframe.swift in Sources */,
				FC1423E82551CBF8008C9CBC /* PhotoDetailViewController.swift in Sources */,
				FC5356042557E527000605ED /* Logger.swift in Sources */,
				FCC53D8F255433BA00FA9EA5 /* UIView+.swift in Sources */,
				FC5355F12557E1C2000605ED /* APIError+Alertable.swift in Sources */,
				FC910046254DCBA9001D643B /* EncodingType.swift in Sources */,
				FC14239E2551B8D6008C9CBC /* ErrorAlert.swift in Sources */,
				FC77D2ED2551094400333695 /* FlickrRequest.swift in Sources */,
				FC5355EC2557D496000605ED /* AppError.swift in Sources */,
				FC77D32E25513A1600333695 /* ViewModelProtocol.swift in Sources */,
				FC91FFA1254DB60F001D643B /* PhotosSearchViewController.swift in Sources */,
				FCCB5A5C25506A42005A0057 /* APIClient+Rx.swift in Sources */,
				FC5355F62557E1D6000605ED /* NetworkReachabilityError+Alertable.swift in Sources */,
				FC77D33525513FE200333695 /* ViewProtocol.swift in Sources */,
				FC695DB525570B450074196E /* NetworkReachabilityError.swift in Sources */,
				FC1423EE2551CE1F008C9CBC /* TransitToPhotoDetailWireframe.swift in Sources */,
				FC1423E92551CBF8008C9CBC /* PhotoDetailBuilder.swift in Sources */,
				FC5355E02557C9AB000605ED /* APIErrorResponse.swift in Sources */,
				FC142359255194D7008C9CBC /* CellExtension.swift in Sources */,
				FC91005D254DDEC9001D643B /* PhotosSearchRequest.swift in Sources */,
				FC77D32625512C1900333695 /* UIViewController+.swift in Sources */,
				FC91002F254DC606001D643B /* PhotoCollectionViewCell.swift in Sources */,
				FC77D3632551874100333695 /* UIAlertController+.swift in Sources */,
				FC77D340255146C500333695 /* OptionalType.swift in Sources */,
				FC1423E62551CBF8008C9CBC /* PhotoDetailWireframe.swift in Sources */,
				FC91FF9D254DB60F001D643B /* AppDelegate.swift in Sources */,
				FC1423922551A2EA008C9CBC /* UIScrollView+Rx.swift in Sources */,
				FC695DAD2556F1640074196E /* NetworkManager.swift in Sources */,
				FC1423E52551CBF8008C9CBC /* PhotoDetailViewModel.swift in Sources */,
				FC910039254DC80D001D643B /* PhotosSearchModel.swift in Sources */,
				FC77D3502551533600333695 /* UIImageView+.swift in Sources */,
				FCA5EE2B255302FD00A3E3C7 /* UIViewController+Swizzling.swift in Sources */,
				FC14235E255194F2008C9CBC /* ListExtension.swift in Sources */,
				FCCB5A542550648F005A0057 /* PhotosSearchAPIDataStore.swift in Sources */,
				FC77D31A255121A300333695 /* PhotosSearchViewModel.swift in Sources */,
				FC910050254DCBD9001D643B /* APIError.swift in Sources */,
				FC77D2F62551148200333695 /* PhotosSearchTranslator.swift in Sources */,
				FC77D3082551166300333695 /* PhotosSearchUseCase.swift in Sources */,
				FC910062254DDFEA001D643B /* PhotosSearchResponse.swift in Sources */,
				FC1423F62551D53E008C9CBC /* UIViewController+Rx.swift in Sources */,
				FC77D34625514B3800333695 /* SceneDelegate+.swift in Sources */,
				FC910072254DE348001D643B /* PhotosSearchRepository.swift in Sources */,
				FC91FF9F254DB60F001D643B /* SceneDelegate.swift in Sources */,
				FC91004B254DCBC0001D643B /* APIRequestable.swift in Sources */,
				FC910055254DCC0E001D643B /* APIClient.swift in Sources */,
			);
			runOnlyForDeploymentPostprocessing = 0;
		};
		FC91FFAB254DB611001D643B /* Sources */ = {
			isa = PBXSourcesBuildPhase;
			buildActionMask = 2147483647;
			files = (
				FC91FFB4254DB611001D643B /* PhotosSearchAppTests.swift in Sources */,
			);
			runOnlyForDeploymentPostprocessing = 0;
		};
		FC91FFB6254DB611001D643B /* Sources */ = {
			isa = PBXSourcesBuildPhase;
			buildActionMask = 2147483647;
			files = (
				FC91FFBF254DB611001D643B /* PhotosSearchAppUITests.swift in Sources */,
			);
			runOnlyForDeploymentPostprocessing = 0;
		};
/* End PBXSourcesBuildPhase section */

/* Begin PBXTargetDependency section */
		FC91FFB1254DB611001D643B /* PBXTargetDependency */ = {
			isa = PBXTargetDependency;
			target = FC91FF98254DB60F001D643B /* PhotosSearchApp */;
			targetProxy = FC91FFB0254DB611001D643B /* PBXContainerItemProxy */;
		};
		FC91FFBC254DB611001D643B /* PBXTargetDependency */ = {
			isa = PBXTargetDependency;
			target = FC91FF98254DB60F001D643B /* PhotosSearchApp */;
			targetProxy = FC91FFBB254DB611001D643B /* PBXContainerItemProxy */;
		};
/* End PBXTargetDependency section */

/* Begin XCBuildConfiguration section */
		FC91FFC1254DB611001D643B /* Debug */ = {
			isa = XCBuildConfiguration;
			buildSettings = {
				ALWAYS_SEARCH_USER_PATHS = NO;
				CLANG_ANALYZER_NONNULL = YES;
				CLANG_ANALYZER_NUMBER_OBJECT_CONVERSION = YES_AGGRESSIVE;
				CLANG_CXX_LANGUAGE_STANDARD = "gnu++14";
				CLANG_CXX_LIBRARY = "libc++";
				CLANG_ENABLE_MODULES = YES;
				CLANG_ENABLE_OBJC_ARC = YES;
				CLANG_ENABLE_OBJC_WEAK = YES;
				CLANG_WARN_BLOCK_CAPTURE_AUTORELEASING = YES;
				CLANG_WARN_BOOL_CONVERSION = YES;
				CLANG_WARN_COMMA = YES;
				CLANG_WARN_CONSTANT_CONVERSION = YES;
				CLANG_WARN_DEPRECATED_OBJC_IMPLEMENTATIONS = YES;
				CLANG_WARN_DIRECT_OBJC_ISA_USAGE = YES_ERROR;
				CLANG_WARN_DOCUMENTATION_COMMENTS = YES;
				CLANG_WARN_EMPTY_BODY = YES;
				CLANG_WARN_ENUM_CONVERSION = YES;
				CLANG_WARN_INFINITE_RECURSION = YES;
				CLANG_WARN_INT_CONVERSION = YES;
				CLANG_WARN_NON_LITERAL_NULL_CONVERSION = YES;
				CLANG_WARN_OBJC_IMPLICIT_RETAIN_SELF = YES;
				CLANG_WARN_OBJC_LITERAL_CONVERSION = YES;
				CLANG_WARN_OBJC_ROOT_CLASS = YES_ERROR;
				CLANG_WARN_QUOTED_INCLUDE_IN_FRAMEWORK_HEADER = YES;
				CLANG_WARN_RANGE_LOOP_ANALYSIS = YES;
				CLANG_WARN_STRICT_PROTOTYPES = YES;
				CLANG_WARN_SUSPICIOUS_MOVE = YES;
				CLANG_WARN_UNGUARDED_AVAILABILITY = YES_AGGRESSIVE;
				CLANG_WARN_UNREACHABLE_CODE = YES;
				CLANG_WARN__DUPLICATE_METHOD_MATCH = YES;
				COPY_PHASE_STRIP = NO;
				DEBUG_INFORMATION_FORMAT = dwarf;
				ENABLE_STRICT_OBJC_MSGSEND = YES;
				ENABLE_TESTABILITY = YES;
				GCC_C_LANGUAGE_STANDARD = gnu11;
				GCC_DYNAMIC_NO_PIC = NO;
				GCC_NO_COMMON_BLOCKS = YES;
				GCC_OPTIMIZATION_LEVEL = 0;
				GCC_PREPROCESSOR_DEFINITIONS = (
					"DEBUG=1",
					"$(inherited)",
				);
				GCC_WARN_64_TO_32_BIT_CONVERSION = YES;
				GCC_WARN_ABOUT_RETURN_TYPE = YES_ERROR;
				GCC_WARN_UNDECLARED_SELECTOR = YES;
				GCC_WARN_UNINITIALIZED_AUTOS = YES_AGGRESSIVE;
				GCC_WARN_UNUSED_FUNCTION = YES;
				GCC_WARN_UNUSED_VARIABLE = YES;
				IPHONEOS_DEPLOYMENT_TARGET = 13.0;
				MTL_ENABLE_DEBUG_INFO = INCLUDE_SOURCE;
				MTL_FAST_MATH = YES;
				ONLY_ACTIVE_ARCH = YES;
				SDKROOT = iphoneos;
				SWIFT_ACTIVE_COMPILATION_CONDITIONS = DEBUG;
				SWIFT_OPTIMIZATION_LEVEL = "-Onone";
			};
			name = Debug;
		};
		FC91FFC2254DB611001D643B /* Release */ = {
			isa = XCBuildConfiguration;
			buildSettings = {
				ALWAYS_SEARCH_USER_PATHS = NO;
				CLANG_ANALYZER_NONNULL = YES;
				CLANG_ANALYZER_NUMBER_OBJECT_CONVERSION = YES_AGGRESSIVE;
				CLANG_CXX_LANGUAGE_STANDARD = "gnu++14";
				CLANG_CXX_LIBRARY = "libc++";
				CLANG_ENABLE_MODULES = YES;
				CLANG_ENABLE_OBJC_ARC = YES;
				CLANG_ENABLE_OBJC_WEAK = YES;
				CLANG_WARN_BLOCK_CAPTURE_AUTORELEASING = YES;
				CLANG_WARN_BOOL_CONVERSION = YES;
				CLANG_WARN_COMMA = YES;
				CLANG_WARN_CONSTANT_CONVERSION = YES;
				CLANG_WARN_DEPRECATED_OBJC_IMPLEMENTATIONS = YES;
				CLANG_WARN_DIRECT_OBJC_ISA_USAGE = YES_ERROR;
				CLANG_WARN_DOCUMENTATION_COMMENTS = YES;
				CLANG_WARN_EMPTY_BODY = YES;
				CLANG_WARN_ENUM_CONVERSION = YES;
				CLANG_WARN_INFINITE_RECURSION = YES;
				CLANG_WARN_INT_CONVERSION = YES;
				CLANG_WARN_NON_LITERAL_NULL_CONVERSION = YES;
				CLANG_WARN_OBJC_IMPLICIT_RETAIN_SELF = YES;
				CLANG_WARN_OBJC_LITERAL_CONVERSION = YES;
				CLANG_WARN_OBJC_ROOT_CLASS = YES_ERROR;
				CLANG_WARN_QUOTED_INCLUDE_IN_FRAMEWORK_HEADER = YES;
				CLANG_WARN_RANGE_LOOP_ANALYSIS = YES;
				CLANG_WARN_STRICT_PROTOTYPES = YES;
				CLANG_WARN_SUSPICIOUS_MOVE = YES;
				CLANG_WARN_UNGUARDED_AVAILABILITY = YES_AGGRESSIVE;
				CLANG_WARN_UNREACHABLE_CODE = YES;
				CLANG_WARN__DUPLICATE_METHOD_MATCH = YES;
				COPY_PHASE_STRIP = NO;
				DEBUG_INFORMATION_FORMAT = "dwarf-with-dsym";
				ENABLE_NS_ASSERTIONS = NO;
				ENABLE_STRICT_OBJC_MSGSEND = YES;
				GCC_C_LANGUAGE_STANDARD = gnu11;
				GCC_NO_COMMON_BLOCKS = YES;
				GCC_WARN_64_TO_32_BIT_CONVERSION = YES;
				GCC_WARN_ABOUT_RETURN_TYPE = YES_ERROR;
				GCC_WARN_UNDECLARED_SELECTOR = YES;
				GCC_WARN_UNINITIALIZED_AUTOS = YES_AGGRESSIVE;
				GCC_WARN_UNUSED_FUNCTION = YES;
				GCC_WARN_UNUSED_VARIABLE = YES;
				IPHONEOS_DEPLOYMENT_TARGET = 13.0;
				MTL_ENABLE_DEBUG_INFO = NO;
				MTL_FAST_MATH = YES;
				SDKROOT = iphoneos;
				SWIFT_COMPILATION_MODE = wholemodule;
				SWIFT_OPTIMIZATION_LEVEL = "-O";
				VALIDATE_PRODUCT = YES;
			};
			name = Release;
		};
		FC91FFC4254DB611001D643B /* Debug */ = {
			isa = XCBuildConfiguration;
			baseConfigurationReference = 125A8D9833529672E838F512 /* Pods-PhotosSearchApp.debug.xcconfig */;
			buildSettings = {
				ASSETCATALOG_COMPILER_APPICON_NAME = AppIcon;
				ASSETCATALOG_COMPILER_GLOBAL_ACCENT_COLOR_NAME = AccentColor;
				CODE_SIGN_STYLE = Automatic;
				DEVELOPMENT_TEAM = B8PR34D6DP;
				INFOPLIST_FILE = PhotosSearchApp/Application/Info.plist;
				IPHONEOS_DEPLOYMENT_TARGET = 13.0;
				LD_RUNPATH_SEARCH_PATHS = (
					"$(inherited)",
					"@executable_path/Frameworks",
				);
				PRODUCT_BUNDLE_IDENTIFIER = jp.yuoku.PhotosSearchApp;
				PRODUCT_NAME = "$(TARGET_NAME)";
				SWIFT_VERSION = 5.0;
				TARGETED_DEVICE_FAMILY = "1,2";
			};
			name = Debug;
		};
		FC91FFC5254DB611001D643B /* Release */ = {
			isa = XCBuildConfiguration;
			baseConfigurationReference = 7C97A56B9A764941E7230CD0 /* Pods-PhotosSearchApp.release.xcconfig */;
			buildSettings = {
				ASSETCATALOG_COMPILER_APPICON_NAME = AppIcon;
				ASSETCATALOG_COMPILER_GLOBAL_ACCENT_COLOR_NAME = AccentColor;
				CODE_SIGN_STYLE = Automatic;
				DEVELOPMENT_TEAM = B8PR34D6DP;
				INFOPLIST_FILE = PhotosSearchApp/Application/Info.plist;
				IPHONEOS_DEPLOYMENT_TARGET = 13.0;
				LD_RUNPATH_SEARCH_PATHS = (
					"$(inherited)",
					"@executable_path/Frameworks",
				);
				PRODUCT_BUNDLE_IDENTIFIER = jp.yuoku.PhotosSearchApp;
				PRODUCT_NAME = "$(TARGET_NAME)";
				SWIFT_VERSION = 5.0;
				TARGETED_DEVICE_FAMILY = "1,2";
			};
			name = Release;
		};
		FC91FFC7254DB611001D643B /* Debug */ = {
			isa = XCBuildConfiguration;
			baseConfigurationReference = C66754973B335486720D01C8 /* Pods-PhotosSearchAppTests.debug.xcconfig */;
			buildSettings = {
				ALWAYS_EMBED_SWIFT_STANDARD_LIBRARIES = YES;
				BUNDLE_LOADER = "$(TEST_HOST)";
				CODE_SIGN_STYLE = Automatic;
				DEVELOPMENT_TEAM = B8PR34D6DP;
				INFOPLIST_FILE = PhotosSearchAppTests/Info.plist;
				IPHONEOS_DEPLOYMENT_TARGET = 14.0;
				LD_RUNPATH_SEARCH_PATHS = (
					"$(inherited)",
					"@executable_path/Frameworks",
					"@loader_path/Frameworks",
				);
				PRODUCT_BUNDLE_IDENTIFIER = jp.yuoku.PhotosSearchAppTests;
				PRODUCT_NAME = "$(TARGET_NAME)";
				SWIFT_VERSION = 5.0;
				TARGETED_DEVICE_FAMILY = "1,2";
				TEST_HOST = "$(BUILT_PRODUCTS_DIR)/PhotosSearchApp.app/PhotosSearchApp";
			};
			name = Debug;
		};
		FC91FFC8254DB611001D643B /* Release */ = {
			isa = XCBuildConfiguration;
			baseConfigurationReference = EBFB348DEF0013C2FDD47F69 /* Pods-PhotosSearchAppTests.release.xcconfig */;
			buildSettings = {
				ALWAYS_EMBED_SWIFT_STANDARD_LIBRARIES = YES;
				BUNDLE_LOADER = "$(TEST_HOST)";
				CODE_SIGN_STYLE = Automatic;
				DEVELOPMENT_TEAM = B8PR34D6DP;
				INFOPLIST_FILE = PhotosSearchAppTests/Info.plist;
				IPHONEOS_DEPLOYMENT_TARGET = 14.0;
				LD_RUNPATH_SEARCH_PATHS = (
					"$(inherited)",
					"@executable_path/Frameworks",
					"@loader_path/Frameworks",
				);
				PRODUCT_BUNDLE_IDENTIFIER = jp.yuoku.PhotosSearchAppTests;
				PRODUCT_NAME = "$(TARGET_NAME)";
				SWIFT_VERSION = 5.0;
				TARGETED_DEVICE_FAMILY = "1,2";
				TEST_HOST = "$(BUILT_PRODUCTS_DIR)/PhotosSearchApp.app/PhotosSearchApp";
			};
			name = Release;
		};
		FC91FFCA254DB611001D643B /* Debug */ = {
			isa = XCBuildConfiguration;
			baseConfigurationReference = 15393303BBA2F63999C10CA1 /* Pods-PhotosSearchApp-PhotosSearchAppUITests.debug.xcconfig */;
			buildSettings = {
				ALWAYS_EMBED_SWIFT_STANDARD_LIBRARIES = YES;
				CODE_SIGN_STYLE = Automatic;
				DEVELOPMENT_TEAM = B8PR34D6DP;
				INFOPLIST_FILE = PhotosSearchAppUITests/Info.plist;
				LD_RUNPATH_SEARCH_PATHS = (
					"$(inherited)",
					"@executable_path/Frameworks",
					"@loader_path/Frameworks",
				);
				PRODUCT_BUNDLE_IDENTIFIER = jp.yuoku.PhotosSearchAppUITests;
				PRODUCT_NAME = "$(TARGET_NAME)";
				SWIFT_VERSION = 5.0;
				TARGETED_DEVICE_FAMILY = "1,2";
				TEST_TARGET_NAME = PhotosSearchApp;
			};
			name = Debug;
		};
		FC91FFCB254DB611001D643B /* Release */ = {
			isa = XCBuildConfiguration;
			baseConfigurationReference = CA11EEC234A15F6B647DF193 /* Pods-PhotosSearchApp-PhotosSearchAppUITests.release.xcconfig */;
			buildSettings = {
				ALWAYS_EMBED_SWIFT_STANDARD_LIBRARIES = YES;
				CODE_SIGN_STYLE = Automatic;
				DEVELOPMENT_TEAM = B8PR34D6DP;
				INFOPLIST_FILE = PhotosSearchAppUITests/Info.plist;
				LD_RUNPATH_SEARCH_PATHS = (
					"$(inherited)",
					"@executable_path/Frameworks",
					"@loader_path/Frameworks",
				);
				PRODUCT_BUNDLE_IDENTIFIER = jp.yuoku.PhotosSearchAppUITests;
				PRODUCT_NAME = "$(TARGET_NAME)";
				SWIFT_VERSION = 5.0;
				TARGETED_DEVICE_FAMILY = "1,2";
				TEST_TARGET_NAME = PhotosSearchApp;
			};
			name = Release;
		};
/* End XCBuildConfiguration section */

/* Begin XCConfigurationList section */
		FC91FF94254DB60F001D643B /* Build configuration list for PBXProject "PhotosSearchApp" */ = {
			isa = XCConfigurationList;
			buildConfigurations = (
				FC91FFC1254DB611001D643B /* Debug */,
				FC91FFC2254DB611001D643B /* Release */,
			);
			defaultConfigurationIsVisible = 0;
			defaultConfigurationName = Release;
		};
		FC91FFC3254DB611001D643B /* Build configuration list for PBXNativeTarget "PhotosSearchApp" */ = {
			isa = XCConfigurationList;
			buildConfigurations = (
				FC91FFC4254DB611001D643B /* Debug */,
				FC91FFC5254DB611001D643B /* Release */,
			);
			defaultConfigurationIsVisible = 0;
			defaultConfigurationName = Release;
		};
		FC91FFC6254DB611001D643B /* Build configuration list for PBXNativeTarget "PhotosSearchAppTests" */ = {
			isa = XCConfigurationList;
			buildConfigurations = (
				FC91FFC7254DB611001D643B /* Debug */,
				FC91FFC8254DB611001D643B /* Release */,
			);
			defaultConfigurationIsVisible = 0;
			defaultConfigurationName = Release;
		};
		FC91FFC9254DB611001D643B /* Build configuration list for PBXNativeTarget "PhotosSearchAppUITests" */ = {
			isa = XCConfigurationList;
			buildConfigurations = (
				FC91FFCA254DB611001D643B /* Debug */,
				FC91FFCB254DB611001D643B /* Release */,
			);
			defaultConfigurationIsVisible = 0;
			defaultConfigurationName = Release;
		};
/* End XCConfigurationList section */

/* Begin XCRemoteSwiftPackageReference section */
		FC5355FA2557E4EE000605ED /* XCRemoteSwiftPackageReference "XCGLogger" */ = {
			isa = XCRemoteSwiftPackageReference;
			repositoryURL = "https://github.com/DaveWoodCom/XCGLogger";
			requirement = {
				kind = upToNextMajorVersion;
				minimumVersion = 7.0.1;
			};
		};
		FC910007254DC08A001D643B /* XCRemoteSwiftPackageReference "RxSwift" */ = {
			isa = XCRemoteSwiftPackageReference;
			repositoryURL = "https://github.com/ReactiveX/RxSwift";
			requirement = {
				kind = upToNextMajorVersion;
				minimumVersion = 5.1.1;
			};
		};
		FC910011254DC0AD001D643B /* XCRemoteSwiftPackageReference "Unio" */ = {
			isa = XCRemoteSwiftPackageReference;
			repositoryURL = "https://github.com/cats-oss/Unio";
			requirement = {
				kind = upToNextMajorVersion;
				minimumVersion = 0.10.0;
			};
		};
		FC910017254DC0E0001D643B /* XCRemoteSwiftPackageReference "Alamofire" */ = {
			isa = XCRemoteSwiftPackageReference;
			repositoryURL = "https://github.com/Alamofire/Alamofire";
			requirement = {
				kind = upToNextMajorVersion;
				minimumVersion = 5.3.0;
			};
		};
		FC91001D254DC0FB001D643B /* XCRemoteSwiftPackageReference "Nuke" */ = {
			isa = XCRemoteSwiftPackageReference;
			repositoryURL = "https://github.com/kean/Nuke";
			requirement = {
				kind = upToNextMajorVersion;
				minimumVersion = 9.1.2;
			};
		};
/* End XCRemoteSwiftPackageReference section */

/* Begin XCSwiftPackageProductDependency section */
		FC5355FB2557E4EE000605ED /* ObjcExceptionBridging */ = {
			isa = XCSwiftPackageProductDependency;
			package = FC5355FA2557E4EE000605ED /* XCRemoteSwiftPackageReference "XCGLogger" */;
			productName = ObjcExceptionBridging;
		};
		FC5355FD2557E4EE000605ED /* XCGLogger */ = {
			isa = XCSwiftPackageProductDependency;
			package = FC5355FA2557E4EE000605ED /* XCRemoteSwiftPackageReference "XCGLogger" */;
			productName = XCGLogger;
		};
		FC910008254DC08A001D643B /* RxCocoa */ = {
			isa = XCSwiftPackageProductDependency;
			package = FC910007254DC08A001D643B /* XCRemoteSwiftPackageReference "RxSwift" */;
			productName = RxCocoa;
		};
		FC91000A254DC08A001D643B /* RxSwift */ = {
			isa = XCSwiftPackageProductDependency;
			package = FC910007254DC08A001D643B /* XCRemoteSwiftPackageReference "RxSwift" */;
			productName = RxSwift;
		};
		FC91000C254DC08A001D643B /* RxRelay */ = {
			isa = XCSwiftPackageProductDependency;
			package = FC910007254DC08A001D643B /* XCRemoteSwiftPackageReference "RxSwift" */;
			productName = RxRelay;
		};
		FC910012254DC0AD001D643B /* Unio */ = {
			isa = XCSwiftPackageProductDependency;
			package = FC910011254DC0AD001D643B /* XCRemoteSwiftPackageReference "Unio" */;
			productName = Unio;
		};
		FC910018254DC0E0001D643B /* Alamofire */ = {
			isa = XCSwiftPackageProductDependency;
			package = FC910017254DC0E0001D643B /* XCRemoteSwiftPackageReference "Alamofire" */;
			productName = Alamofire;
		};
		FC91001E254DC0FB001D643B /* Nuke */ = {
			isa = XCSwiftPackageProductDependency;
			package = FC91001D254DC0FB001D643B /* XCRemoteSwiftPackageReference "Nuke" */;
			productName = Nuke;
		};
/* End XCSwiftPackageProductDependency section */
	};
	rootObject = FC91FF91254DB60F001D643B /* Project object */;
}
