// !$*UTF8*$!
{
	archiveVersion = 1;
	classes = {
	};
	objectVersion = 50;
	objects = {

/* Begin PBXBuildFile section */
		FC91FF9D254DB60F001D643B /* AppDelegate.swift in Sources */ = {isa = PBXBuildFile; fileRef = FC91FF9C254DB60F001D643B /* AppDelegate.swift */; };
		FC91FF9F254DB60F001D643B /* SceneDelegate.swift in Sources */ = {isa = PBXBuildFile; fileRef = FC91FF9E254DB60F001D643B /* SceneDelegate.swift */; };
		FC91FFA1254DB60F001D643B /* SearchViewController.swift in Sources */ = {isa = PBXBuildFile; fileRef = FC91FFA0254DB60F001D643B /* SearchViewController.swift */; };
		FC91FFA6254DB610001D643B /* Assets.xcassets in Resources */ = {isa = PBXBuildFile; fileRef = FC91FFA5254DB610001D643B /* Assets.xcassets */; };
		FC91FFB4254DB611001D643B /* PhotosSearchAppTests.swift in Sources */ = {isa = PBXBuildFile; fileRef = FC91FFB3254DB611001D643B /* PhotosSearchAppTests.swift */; };
		FC91FFBF254DB611001D643B /* PhotosSearchAppUITests.swift in Sources */ = {isa = PBXBuildFile; fileRef = FC91FFBE254DB611001D643B /* PhotosSearchAppUITests.swift */; };
		FC91FFF5254DBAAE001D643B /* SearchViewController.storyboard in Resources */ = {isa = PBXBuildFile; fileRef = FC91FFF4254DBAAE001D643B /* SearchViewController.storyboard */; };
		FC91FFFD254DBABC001D643B /* LaunchScreen.storyboard in Resources */ = {isa = PBXBuildFile; fileRef = FC91FFFC254DBABC001D643B /* LaunchScreen.storyboard */; };
/* End PBXBuildFile section */

/* Begin PBXContainerItemProxy section */
		FC91FFB0254DB611001D643B /* PBXContainerItemProxy */ = {
			isa = PBXContainerItemProxy;
			containerPortal = FC91FF91254DB60F001D643B /* Project object */;
			proxyType = 1;
			remoteGlobalIDString = FC91FF98254DB60F001D643B;
			remoteInfo = PhotosSearchApp;
		};
		FC91FFBB254DB611001D643B /* PBXContainerItemProxy */ = {
			isa = PBXContainerItemProxy;
			containerPortal = FC91FF91254DB60F001D643B /* Project object */;
			proxyType = 1;
			remoteGlobalIDString = FC91FF98254DB60F001D643B;
			remoteInfo = PhotosSearchApp;
		};
/* End PBXContainerItemProxy section */

/* Begin PBXFileReference section */
		FC91FF99254DB60F001D643B /* PhotosSearchApp.app */ = {isa = PBXFileReference; explicitFileType = wrapper.application; includeInIndex = 0; path = PhotosSearchApp.app; sourceTree = BUILT_PRODUCTS_DIR; };
		FC91FF9C254DB60F001D643B /* AppDelegate.swift */ = {isa = PBXFileReference; lastKnownFileType = sourcecode.swift; path = AppDelegate.swift; sourceTree = "<group>"; };
		FC91FF9E254DB60F001D643B /* SceneDelegate.swift */ = {isa = PBXFileReference; lastKnownFileType = sourcecode.swift; path = SceneDelegate.swift; sourceTree = "<group>"; };
		FC91FFA0254DB60F001D643B /* SearchViewController.swift */ = {isa = PBXFileReference; lastKnownFileType = sourcecode.swift; path = SearchViewController.swift; sourceTree = "<group>"; };
		FC91FFA5254DB610001D643B /* Assets.xcassets */ = {isa = PBXFileReference; lastKnownFileType = folder.assetcatalog; path = Assets.xcassets; sourceTree = "<group>"; };
		FC91FFAA254DB610001D643B /* Info.plist */ = {isa = PBXFileReference; lastKnownFileType = text.plist.xml; path = Info.plist; sourceTree = "<group>"; };
		FC91FFAF254DB611001D643B /* PhotosSearchAppTests.xctest */ = {isa = PBXFileReference; explicitFileType = wrapper.cfbundle; includeInIndex = 0; path = PhotosSearchAppTests.xctest; sourceTree = BUILT_PRODUCTS_DIR; };
		FC91FFB3254DB611001D643B /* PhotosSearchAppTests.swift */ = {isa = PBXFileReference; lastKnownFileType = sourcecode.swift; path = PhotosSearchAppTests.swift; sourceTree = "<group>"; };
		FC91FFB5254DB611001D643B /* Info.plist */ = {isa = PBXFileReference; lastKnownFileType = text.plist.xml; path = Info.plist; sourceTree = "<group>"; };
		FC91FFBA254DB611001D643B /* PhotosSearchAppUITests.xctest */ = {isa = PBXFileReference; explicitFileType = wrapper.cfbundle; includeInIndex = 0; path = PhotosSearchAppUITests.xctest; sourceTree = BUILT_PRODUCTS_DIR; };
		FC91FFBE254DB611001D643B /* PhotosSearchAppUITests.swift */ = {isa = PBXFileReference; lastKnownFileType = sourcecode.swift; path = PhotosSearchAppUITests.swift; sourceTree = "<group>"; };
		FC91FFC0254DB611001D643B /* Info.plist */ = {isa = PBXFileReference; lastKnownFileType = text.plist.xml; path = Info.plist; sourceTree = "<group>"; };
		FC91FFF4254DBAAE001D643B /* SearchViewController.storyboard */ = {isa = PBXFileReference; fileEncoding = 4; lastKnownFileType = file.storyboard; path = SearchViewController.storyboard; sourceTree = "<group>"; };
		FC91FFFC254DBABC001D643B /* LaunchScreen.storyboard */ = {isa = PBXFileReference; fileEncoding = 4; lastKnownFileType = file.storyboard; path = LaunchScreen.storyboard; sourceTree = "<group>"; };
/* End PBXFileReference section */

/* Begin PBXFrameworksBuildPhase section */
		FC91FF96254DB60F001D643B /* Frameworks */ = {
			isa = PBXFrameworksBuildPhase;
			buildActionMask = 2147483647;
			files = (
			);
			runOnlyForDeploymentPostprocessing = 0;
		};
		FC91FFAC254DB611001D643B /* Frameworks */ = {
			isa = PBXFrameworksBuildPhase;
			buildActionMask = 2147483647;
			files = (
			);
			runOnlyForDeploymentPostprocessing = 0;
		};
		FC91FFB7254DB611001D643B /* Frameworks */ = {
			isa = PBXFrameworksBuildPhase;
			buildActionMask = 2147483647;
			files = (
			);
			runOnlyForDeploymentPostprocessing = 0;
		};
/* End PBXFrameworksBuildPhase section */

/* Begin PBXGroup section */
		FC91FF90254DB60F001D643B = {
			isa = PBXGroup;
			children = (
				FC91FF9B254DB60F001D643B /* PhotosSearchApp */,
				FC91FFB2254DB611001D643B /* PhotosSearchAppTests */,
				FC91FFBD254DB611001D643B /* PhotosSearchAppUITests */,
				FC91FF9A254DB60F001D643B /* Products */,
			);
			sourceTree = "<group>";
		};
		FC91FF9A254DB60F001D643B /* Products */ = {
			isa = PBXGroup;
			children = (
				FC91FF99254DB60F001D643B /* PhotosSearchApp.app */,
				FC91FFAF254DB611001D643B /* PhotosSearchAppTests.xctest */,
				FC91FFBA254DB611001D643B /* PhotosSearchAppUITests.xctest */,
			);
			name = Products;
			sourceTree = "<group>";
		};
		FC91FF9B254DB60F001D643B /* PhotosSearchApp */ = {
			isa = PBXGroup;
			children = (
				FC91FFD5254DB72A001D643B /* Data */,
				FC91FFD4254DB723001D643B /* Domain */,
				FC91FFD3254DB719001D643B /* Presentation */,
				FC91FFCF254DB6AC001D643B /* Application */,
			);
			path = PhotosSearchApp;
			sourceTree = "<group>";
		};
		FC91FFB2254DB611001D643B /* PhotosSearchAppTests */ = {
			isa = PBXGroup;
			children = (
				FC91FFB3254DB611001D643B /* PhotosSearchAppTests.swift */,
				FC91FFB5254DB611001D643B /* Info.plist */,
			);
			path = PhotosSearchAppTests;
			sourceTree = "<group>";
		};
		FC91FFBD254DB611001D643B /* PhotosSearchAppUITests */ = {
			isa = PBXGroup;
			children = (
				FC91FFBE254DB611001D643B /* PhotosSearchAppUITests.swift */,
				FC91FFC0254DB611001D643B /* Info.plist */,
			);
			path = PhotosSearchAppUITests;
			sourceTree = "<group>";
		};
		FC91FFCF254DB6AC001D643B /* Application */ = {
			isa = PBXGroup;
			children = (
				FC91FF9C254DB60F001D643B /* AppDelegate.swift */,
				FC91FFAA254DB610001D643B /* Info.plist */,
				FC91FFFC254DBABC001D643B /* LaunchScreen.storyboard */,
				FC91FF9E254DB60F001D643B /* SceneDelegate.swift */,
			);
			path = Application;
			sourceTree = "<group>";
		};
		FC91FFD3254DB719001D643B /* Presentation */ = {
			isa = PBXGroup;
			children = (
				FC91FFE3254DB929001D643B /* Scene */,
				FC91FFD9254DB79E001D643B /* Resources */,
			);
			path = Presentation;
			sourceTree = "<group>";
		};
		FC91FFD4254DB723001D643B /* Domain */ = {
			isa = PBXGroup;
			children = (
				FC91FFE2254DB90E001D643B /* Model */,
				FC91FFE1254DB909001D643B /* Translator */,
				FC91FFE0254DB8A4001D643B /* UseCase */,
			);
			path = Domain;
			sourceTree = "<group>";
		};
		FC91FFD5254DB72A001D643B /* Data */ = {
			isa = PBXGroup;
			children = (
				FC91FFDF254DB899001D643B /* Repository */,
				FC91FFDE254DB88E001D643B /* Entity */,
				FC91FFDD254DB884001D643B /* DataStore */,
			);
			path = Data;
			sourceTree = "<group>";
		};
		FC91FFD9254DB79E001D643B /* Resources */ = {
			isa = PBXGroup;
			children = (
				FC91FFA5254DB610001D643B /* Assets.xcassets */,
			);
			path = Resources;
			sourceTree = "<group>";
		};
		FC91FFDD254DB884001D643B /* DataStore */ = {
			isa = PBXGroup;
			children = (
			);
			path = DataStore;
			sourceTree = "<group>";
		};
		FC91FFDE254DB88E001D643B /* Entity */ = {
			isa = PBXGroup;
			children = (
			);
			path = Entity;
			sourceTree = "<group>";
		};
		FC91FFDF254DB899001D643B /* Repository */ = {
			isa = PBXGroup;
			children = (
			);
			path = Repository;
			sourceTree = "<group>";
		};
		FC91FFE0254DB8A4001D643B /* UseCase */ = {
			isa = PBXGroup;
			children = (
			);
			path = UseCase;
			sourceTree = "<group>";
		};
		FC91FFE1254DB909001D643B /* Translator */ = {
			isa = PBXGroup;
			children = (
			);
			path = Translator;
			sourceTree = "<group>";
		};
		FC91FFE2254DB90E001D643B /* Model */ = {
			isa = PBXGroup;
			children = (
			);
			path = Model;
			sourceTree = "<group>";
		};
		FC91FFE3254DB929001D643B /* Scene */ = {
			isa = PBXGroup;
			children = (
				FC91FFED254DB9EB001D643B /* Search */,
			);
			path = Scene;
			sourceTree = "<group>";
		};
		FC91FFED254DB9EB001D643B /* Search */ = {
			isa = PBXGroup;
			children = (
				FC91FFA0254DB60F001D643B /* SearchViewController.swift */,
				FC91FFF4254DBAAE001D643B /* SearchViewController.storyboard */,
			);
			path = Search;
			sourceTree = "<group>";
		};
/* End PBXGroup section */

/* Begin PBXNativeTarget section */
		FC91FF98254DB60F001D643B /* PhotosSearchApp */ = {
			isa = PBXNativeTarget;
			buildConfigurationList = FC91FFC3254DB611001D643B /* Build configuration list for PBXNativeTarget "PhotosSearchApp" */;
			buildPhases = (
				FC91FF95254DB60F001D643B /* Sources */,
				FC91FF96254DB60F001D643B /* Frameworks */,
				FC91FF97254DB60F001D643B /* Resources */,
			);
			buildRules = (
			);
			dependencies = (
			);
			name = PhotosSearchApp;
			productName = PhotosSearchApp;
			productReference = FC91FF99254DB60F001D643B /* PhotosSearchApp.app */;
			productType = "com.apple.product-type.application";
		};
		FC91FFAE254DB611001D643B /* PhotosSearchAppTests */ = {
			isa = PBXNativeTarget;
			buildConfigurationList = FC91FFC6254DB611001D643B /* Build configuration list for PBXNativeTarget "PhotosSearchAppTests" */;
			buildPhases = (
				FC91FFAB254DB611001D643B /* Sources */,
				FC91FFAC254DB611001D643B /* Frameworks */,
				FC91FFAD254DB611001D643B /* Resources */,
			);
			buildRules = (
			);
			dependencies = (
				FC91FFB1254DB611001D643B /* PBXTargetDependency */,
			);
			name = PhotosSearchAppTests;
			productName = PhotosSearchAppTests;
			productReference = FC91FFAF254DB611001D643B /* PhotosSearchAppTests.xctest */;
			productType = "com.apple.product-type.bundle.unit-test";
		};
		FC91FFB9254DB611001D643B /* PhotosSearchAppUITests */ = {
			isa = PBXNativeTarget;
			buildConfigurationList = FC91FFC9254DB611001D643B /* Build configuration list for PBXNativeTarget "PhotosSearchAppUITests" */;
			buildPhases = (
				FC91FFB6254DB611001D643B /* Sources */,
				FC91FFB7254DB611001D643B /* Frameworks */,
				FC91FFB8254DB611001D643B /* Resources */,
			);
			buildRules = (
			);
			dependencies = (
				FC91FFBC254DB611001D643B /* PBXTargetDependency */,
			);
			name = PhotosSearchAppUITests;
			productName = PhotosSearchAppUITests;
			productReference = FC91FFBA254DB611001D643B /* PhotosSearchAppUITests.xctest */;
			productType = "com.apple.product-type.bundle.ui-testing";
		};
/* End PBXNativeTarget section */

/* Begin PBXProject section */
		FC91FF91254DB60F001D643B /* Project object */ = {
			isa = PBXProject;
			attributes = {
				LastSwiftUpdateCheck = 1200;
				LastUpgradeCheck = 1200;
				TargetAttributes = {
					FC91FF98254DB60F001D643B = {
						CreatedOnToolsVersion = 12.0.1;
					};
					FC91FFAE254DB611001D643B = {
						CreatedOnToolsVersion = 12.0.1;
						TestTargetID = FC91FF98254DB60F001D643B;
					};
					FC91FFB9254DB611001D643B = {
						CreatedOnToolsVersion = 12.0.1;
						TestTargetID = FC91FF98254DB60F001D643B;
					};
				};
			};
			buildConfigurationList = FC91FF94254DB60F001D643B /* Build configuration list for PBXProject "PhotosSearchApp" */;
			compatibilityVersion = "Xcode 9.3";
			developmentRegion = en;
			hasScannedForEncodings = 0;
			knownRegions = (
				en,
				Base,
			);
			mainGroup = FC91FF90254DB60F001D643B;
			productRefGroup = FC91FF9A254DB60F001D643B /* Products */;
			projectDirPath = "";
			projectRoot = "";
			targets = (
				FC91FF98254DB60F001D643B /* PhotosSearchApp */,
				FC91FFAE254DB611001D643B /* PhotosSearchAppTests */,
				FC91FFB9254DB611001D643B /* PhotosSearchAppUITests */,
			);
		};
/* End PBXProject section */

/* Begin PBXResourcesBuildPhase section */
		FC91FF97254DB60F001D643B /* Resources */ = {
			isa = PBXResourcesBuildPhase;
			buildActionMask = 2147483647;
			files = (
				FC91FFFD254DBABC001D643B /* LaunchScreen.storyboard in Resources */,
				FC91FFA6254DB610001D643B /* Assets.xcassets in Resources */,
				FC91FFF5254DBAAE001D643B /* SearchViewController.storyboard in Resources */,
			);
			runOnlyForDeploymentPostprocessing = 0;
		};
		FC91FFAD254DB611001D643B /* Resources */ = {
			isa = PBXResourcesBuildPhase;
			buildActionMask = 2147483647;
			files = (
			);
			runOnlyForDeploymentPostprocessing = 0;
		};
		FC91FFB8254DB611001D643B /* Resources */ = {
			isa = PBXResourcesBuildPhase;
			buildActionMask = 2147483647;
			files = (
			);
			runOnlyForDeploymentPostprocessing = 0;
		};
/* End PBXResourcesBuildPhase section */

/* Begin PBXSourcesBuildPhase section */
		FC91FF95254DB60F001D643B /* Sources */ = {
			isa = PBXSourcesBuildPhase;
			buildActionMask = 2147483647;
			files = (
				FC91FFA1254DB60F001D643B /* SearchViewController.swift in Sources */,
				FC91FF9D254DB60F001D643B /* AppDelegate.swift in Sources */,
				FC91FF9F254DB60F001D643B /* SceneDelegate.swift in Sources */,
			);
			runOnlyForDeploymentPostprocessing = 0;
		};
		FC91FFAB254DB611001D643B /* Sources */ = {
			isa = PBXSourcesBuildPhase;
			buildActionMask = 2147483647;
			files = (
				FC91FFB4254DB611001D643B /* PhotosSearchAppTests.swift in Sources */,
			);
			runOnlyForDeploymentPostprocessing = 0;
		};
		FC91FFB6254DB611001D643B /* Sources */ = {
			isa = PBXSourcesBuildPhase;
			buildActionMask = 2147483647;
			files = (
				FC91FFBF254DB611001D643B /* PhotosSearchAppUITests.swift in Sources */,
			);
			runOnlyForDeploymentPostprocessing = 0;
		};
/* End PBXSourcesBuildPhase section */

/* Begin PBXTargetDependency section */
		FC91FFB1254DB611001D643B /* PBXTargetDependency */ = {
			isa = PBXTargetDependency;
			target = FC91FF98254DB60F001D643B /* PhotosSearchApp */;
			targetProxy = FC91FFB0254DB611001D643B /* PBXContainerItemProxy */;
		};
		FC91FFBC254DB611001D643B /* PBXTargetDependency */ = {
			isa = PBXTargetDependency;
			target = FC91FF98254DB60F001D643B /* PhotosSearchApp */;
			targetProxy = FC91FFBB254DB611001D643B /* PBXContainerItemProxy */;
		};
/* End PBXTargetDependency section */

/* Begin XCBuildConfiguration section */
		FC91FFC1254DB611001D643B /* Debug */ = {
			isa = XCBuildConfiguration;
			buildSettings = {
				ALWAYS_SEARCH_USER_PATHS = NO;
				CLANG_ANALYZER_NONNULL = YES;
				CLANG_ANALYZER_NUMBER_OBJECT_CONVERSION = YES_AGGRESSIVE;
				CLANG_CXX_LANGUAGE_STANDARD = "gnu++14";
				CLANG_CXX_LIBRARY = "libc++";
				CLANG_ENABLE_MODULES = YES;
				CLANG_ENABLE_OBJC_ARC = YES;
				CLANG_ENABLE_OBJC_WEAK = YES;
				CLANG_WARN_BLOCK_CAPTURE_AUTORELEASING = YES;
				CLANG_WARN_BOOL_CONVERSION = YES;
				CLANG_WARN_COMMA = YES;
				CLANG_WARN_CONSTANT_CONVERSION = YES;
				CLANG_WARN_DEPRECATED_OBJC_IMPLEMENTATIONS = YES;
				CLANG_WARN_DIRECT_OBJC_ISA_USAGE = YES_ERROR;
				CLANG_WARN_DOCUMENTATION_COMMENTS = YES;
				CLANG_WARN_EMPTY_BODY = YES;
				CLANG_WARN_ENUM_CONVERSION = YES;
				CLANG_WARN_INFINITE_RECURSION = YES;
				CLANG_WARN_INT_CONVERSION = YES;
				CLANG_WARN_NON_LITERAL_NULL_CONVERSION = YES;
				CLANG_WARN_OBJC_IMPLICIT_RETAIN_SELF = YES;
				CLANG_WARN_OBJC_LITERAL_CONVERSION = YES;
				CLANG_WARN_OBJC_ROOT_CLASS = YES_ERROR;
				CLANG_WARN_QUOTED_INCLUDE_IN_FRAMEWORK_HEADER = YES;
				CLANG_WARN_RANGE_LOOP_ANALYSIS = YES;
				CLANG_WARN_STRICT_PROTOTYPES = YES;
				CLANG_WARN_SUSPICIOUS_MOVE = YES;
				CLANG_WARN_UNGUARDED_AVAILABILITY = YES_AGGRESSIVE;
				CLANG_WARN_UNREACHABLE_CODE = YES;
				CLANG_WARN__DUPLICATE_METHOD_MATCH = YES;
				COPY_PHASE_STRIP = NO;
				DEBUG_INFORMATION_FORMAT = dwarf;
				ENABLE_STRICT_OBJC_MSGSEND = YES;
				ENABLE_TESTABILITY = YES;
				GCC_C_LANGUAGE_STANDARD = gnu11;
				GCC_DYNAMIC_NO_PIC = NO;
				GCC_NO_COMMON_BLOCKS = YES;
				GCC_OPTIMIZATION_LEVEL = 0;
				GCC_PREPROCESSOR_DEFINITIONS = (
					"DEBUG=1",
					"$(inherited)",
				);
				GCC_WARN_64_TO_32_BIT_CONVERSION = YES;
				GCC_WARN_ABOUT_RETURN_TYPE = YES_ERROR;
				GCC_WARN_UNDECLARED_SELECTOR = YES;
				GCC_WARN_UNINITIALIZED_AUTOS = YES_AGGRESSIVE;
				GCC_WARN_UNUSED_FUNCTION = YES;
				GCC_WARN_UNUSED_VARIABLE = YES;
				IPHONEOS_DEPLOYMENT_TARGET = 14.0;
				MTL_ENABLE_DEBUG_INFO = INCLUDE_SOURCE;
				MTL_FAST_MATH = YES;
				ONLY_ACTIVE_ARCH = YES;
				SDKROOT = iphoneos;
				SWIFT_ACTIVE_COMPILATION_CONDITIONS = DEBUG;
				SWIFT_OPTIMIZATION_LEVEL = "-Onone";
			};
			name = Debug;
		};
		FC91FFC2254DB611001D643B /* Release */ = {
			isa = XCBuildConfiguration;
			buildSettings = {
				ALWAYS_SEARCH_USER_PATHS = NO;
				CLANG_ANALYZER_NONNULL = YES;
				CLANG_ANALYZER_NUMBER_OBJECT_CONVERSION = YES_AGGRESSIVE;
				CLANG_CXX_LANGUAGE_STANDARD = "gnu++14";
				CLANG_CXX_LIBRARY = "libc++";
				CLANG_ENABLE_MODULES = YES;
				CLANG_ENABLE_OBJC_ARC = YES;
				CLANG_ENABLE_OBJC_WEAK = YES;
				CLANG_WARN_BLOCK_CAPTURE_AUTORELEASING = YES;
				CLANG_WARN_BOOL_CONVERSION = YES;
				CLANG_WARN_COMMA = YES;
				CLANG_WARN_CONSTANT_CONVERSION = YES;
				CLANG_WARN_DEPRECATED_OBJC_IMPLEMENTATIONS = YES;
				CLANG_WARN_DIRECT_OBJC_ISA_USAGE = YES_ERROR;
				CLANG_WARN_DOCUMENTATION_COMMENTS = YES;
				CLANG_WARN_EMPTY_BODY = YES;
				CLANG_WARN_ENUM_CONVERSION = YES;
				CLANG_WARN_INFINITE_RECURSION = YES;
				CLANG_WARN_INT_CONVERSION = YES;
				CLANG_WARN_NON_LITERAL_NULL_CONVERSION = YES;
				CLANG_WARN_OBJC_IMPLICIT_RETAIN_SELF = YES;
				CLANG_WARN_OBJC_LITERAL_CONVERSION = YES;
				CLANG_WARN_OBJC_ROOT_CLASS = YES_ERROR;
				CLANG_WARN_QUOTED_INCLUDE_IN_FRAMEWORK_HEADER = YES;
				CLANG_WARN_RANGE_LOOP_ANALYSIS = YES;
				CLANG_WARN_STRICT_PROTOTYPES = YES;
				CLANG_WARN_SUSPICIOUS_MOVE = YES;
				CLANG_WARN_UNGUARDED_AVAILABILITY = YES_AGGRESSIVE;
				CLANG_WARN_UNREACHABLE_CODE = YES;
				CLANG_WARN__DUPLICATE_METHOD_MATCH = YES;
				COPY_PHASE_STRIP = NO;
				DEBUG_INFORMATION_FORMAT = "dwarf-with-dsym";
				ENABLE_NS_ASSERTIONS = NO;
				ENABLE_STRICT_OBJC_MSGSEND = YES;
				GCC_C_LANGUAGE_STANDARD = gnu11;
				GCC_NO_COMMON_BLOCKS = YES;
				GCC_WARN_64_TO_32_BIT_CONVERSION = YES;
				GCC_WARN_ABOUT_RETURN_TYPE = YES_ERROR;
				GCC_WARN_UNDECLARED_SELECTOR = YES;
				GCC_WARN_UNINITIALIZED_AUTOS = YES_AGGRESSIVE;
				GCC_WARN_UNUSED_FUNCTION = YES;
				GCC_WARN_UNUSED_VARIABLE = YES;
				IPHONEOS_DEPLOYMENT_TARGET = 14.0;
				MTL_ENABLE_DEBUG_INFO = NO;
				MTL_FAST_MATH = YES;
				SDKROOT = iphoneos;
				SWIFT_COMPILATION_MODE = wholemodule;
				SWIFT_OPTIMIZATION_LEVEL = "-O";
				VALIDATE_PRODUCT = YES;
			};
			name = Release;
		};
		FC91FFC4254DB611001D643B /* Debug */ = {
			isa = XCBuildConfiguration;
			buildSettings = {
				ASSETCATALOG_COMPILER_APPICON_NAME = AppIcon;
				ASSETCATALOG_COMPILER_GLOBAL_ACCENT_COLOR_NAME = AccentColor;
				CODE_SIGN_STYLE = Automatic;
				DEVELOPMENT_TEAM = B8PR34D6DP;
				INFOPLIST_FILE = PhotosSearchApp/Application/Info.plist;
				IPHONEOS_DEPLOYMENT_TARGET = 13.0;
				LD_RUNPATH_SEARCH_PATHS = (
					"$(inherited)",
					"@executable_path/Frameworks",
				);
				PRODUCT_BUNDLE_IDENTIFIER = jp.yuoku.PhotosSearchApp;
				PRODUCT_NAME = "$(TARGET_NAME)";
				SWIFT_VERSION = 5.0;
				TARGETED_DEVICE_FAMILY = "1,2";
			};
			name = Debug;
		};
		FC91FFC5254DB611001D643B /* Release */ = {
			isa = XCBuildConfiguration;
			buildSettings = {
				ASSETCATALOG_COMPILER_APPICON_NAME = AppIcon;
				ASSETCATALOG_COMPILER_GLOBAL_ACCENT_COLOR_NAME = AccentColor;
				CODE_SIGN_STYLE = Automatic;
				DEVELOPMENT_TEAM = B8PR34D6DP;
				INFOPLIST_FILE = PhotosSearchApp/Application/Info.plist;
				IPHONEOS_DEPLOYMENT_TARGET = 13.0;
				LD_RUNPATH_SEARCH_PATHS = (
					"$(inherited)",
					"@executable_path/Frameworks",
				);
				PRODUCT_BUNDLE_IDENTIFIER = jp.yuoku.PhotosSearchApp;
				PRODUCT_NAME = "$(TARGET_NAME)";
				SWIFT_VERSION = 5.0;
				TARGETED_DEVICE_FAMILY = "1,2";
			};
			name = Release;
		};
		FC91FFC7254DB611001D643B /* Debug */ = {
			isa = XCBuildConfiguration;
			buildSettings = {
				ALWAYS_EMBED_SWIFT_STANDARD_LIBRARIES = YES;
				BUNDLE_LOADER = "$(TEST_HOST)";
				CODE_SIGN_STYLE = Automatic;
				DEVELOPMENT_TEAM = B8PR34D6DP;
				INFOPLIST_FILE = PhotosSearchAppTests/Info.plist;
				IPHONEOS_DEPLOYMENT_TARGET = 14.0;
				LD_RUNPATH_SEARCH_PATHS = (
					"$(inherited)",
					"@executable_path/Frameworks",
					"@loader_path/Frameworks",
				);
				PRODUCT_BUNDLE_IDENTIFIER = jp.yuoku.PhotosSearchAppTests;
				PRODUCT_NAME = "$(TARGET_NAME)";
				SWIFT_VERSION = 5.0;
				TARGETED_DEVICE_FAMILY = "1,2";
				TEST_HOST = "$(BUILT_PRODUCTS_DIR)/PhotosSearchApp.app/PhotosSearchApp";
			};
			name = Debug;
		};
		FC91FFC8254DB611001D643B /* Release */ = {
			isa = XCBuildConfiguration;
			buildSettings = {
				ALWAYS_EMBED_SWIFT_STANDARD_LIBRARIES = YES;
				BUNDLE_LOADER = "$(TEST_HOST)";
				CODE_SIGN_STYLE = Automatic;
				DEVELOPMENT_TEAM = B8PR34D6DP;
				INFOPLIST_FILE = PhotosSearchAppTests/Info.plist;
				IPHONEOS_DEPLOYMENT_TARGET = 14.0;
				LD_RUNPATH_SEARCH_PATHS = (
					"$(inherited)",
					"@executable_path/Frameworks",
					"@loader_path/Frameworks",
				);
				PRODUCT_BUNDLE_IDENTIFIER = jp.yuoku.PhotosSearchAppTests;
				PRODUCT_NAME = "$(TARGET_NAME)";
				SWIFT_VERSION = 5.0;
				TARGETED_DEVICE_FAMILY = "1,2";
				TEST_HOST = "$(BUILT_PRODUCTS_DIR)/PhotosSearchApp.app/PhotosSearchApp";
			};
			name = Release;
		};
		FC91FFCA254DB611001D643B /* Debug */ = {
			isa = XCBuildConfiguration;
			buildSettings = {
				ALWAYS_EMBED_SWIFT_STANDARD_LIBRARIES = YES;
				CODE_SIGN_STYLE = Automatic;
				DEVELOPMENT_TEAM = B8PR34D6DP;
				INFOPLIST_FILE = PhotosSearchAppUITests/Info.plist;
				LD_RUNPATH_SEARCH_PATHS = (
					"$(inherited)",
					"@executable_path/Frameworks",
					"@loader_path/Frameworks",
				);
				PRODUCT_BUNDLE_IDENTIFIER = jp.yuoku.PhotosSearchAppUITests;
				PRODUCT_NAME = "$(TARGET_NAME)";
				SWIFT_VERSION = 5.0;
				TARGETED_DEVICE_FAMILY = "1,2";
				TEST_TARGET_NAME = PhotosSearchApp;
			};
			name = Debug;
		};
		FC91FFCB254DB611001D643B /* Release */ = {
			isa = XCBuildConfiguration;
			buildSettings = {
				ALWAYS_EMBED_SWIFT_STANDARD_LIBRARIES = YES;
				CODE_SIGN_STYLE = Automatic;
				DEVELOPMENT_TEAM = B8PR34D6DP;
				INFOPLIST_FILE = PhotosSearchAppUITests/Info.plist;
				LD_RUNPATH_SEARCH_PATHS = (
					"$(inherited)",
					"@executable_path/Frameworks",
					"@loader_path/Frameworks",
				);
				PRODUCT_BUNDLE_IDENTIFIER = jp.yuoku.PhotosSearchAppUITests;
				PRODUCT_NAME = "$(TARGET_NAME)";
				SWIFT_VERSION = 5.0;
				TARGETED_DEVICE_FAMILY = "1,2";
				TEST_TARGET_NAME = PhotosSearchApp;
			};
			name = Release;
		};
/* End XCBuildConfiguration section */

/* Begin XCConfigurationList section */
		FC91FF94254DB60F001D643B /* Build configuration list for PBXProject "PhotosSearchApp" */ = {
			isa = XCConfigurationList;
			buildConfigurations = (
				FC91FFC1254DB611001D643B /* Debug */,
				FC91FFC2254DB611001D643B /* Release */,
			);
			defaultConfigurationIsVisible = 0;
			defaultConfigurationName = Release;
		};
		FC91FFC3254DB611001D643B /* Build configuration list for PBXNativeTarget "PhotosSearchApp" */ = {
			isa = XCConfigurationList;
			buildConfigurations = (
				FC91FFC4254DB611001D643B /* Debug */,
				FC91FFC5254DB611001D643B /* Release */,
			);
			defaultConfigurationIsVisible = 0;
			defaultConfigurationName = Release;
		};
		FC91FFC6254DB611001D643B /* Build configuration list for PBXNativeTarget "PhotosSearchAppTests" */ = {
			isa = XCConfigurationList;
			buildConfigurations = (
				FC91FFC7254DB611001D643B /* Debug */,
				FC91FFC8254DB611001D643B /* Release */,
			);
			defaultConfigurationIsVisible = 0;
			defaultConfigurationName = Release;
		};
		FC91FFC9254DB611001D643B /* Build configuration list for PBXNativeTarget "PhotosSearchAppUITests" */ = {
			isa = XCConfigurationList;
			buildConfigurations = (
				FC91FFCA254DB611001D643B /* Debug */,
				FC91FFCB254DB611001D643B /* Release */,
			);
			defaultConfigurationIsVisible = 0;
			defaultConfigurationName = Release;
		};
/* End XCConfigurationList section */
	};
	rootObject = FC91FF91254DB60F001D643B /* Project object */;
}
